// !$*UTF8*$!
{
	archiveVersion = 1;
	classes = {
	};
	objectVersion = 77;
	objects = {

/* Begin PBXBuildFile section */
		8589ED9345E7FD56EEC0B59C /* Pods_CLoggerDemo.framework in Frameworks */ = {isa = PBXBuildFile; fileRef = 8E86B51DACEB720CF5AFE078 /* Pods_CLoggerDemo.framework */; };
		FC978D512D77F07B00AC81B4 /* cJSON.c in Sources */ = {isa = PBXBuildFile; fileRef = FC978C962D77F07B00AC81B4 /* cJSON.c */; };
		FC978D522D77F07B00AC81B4 /* pk_wrap.c in Sources */ = {isa = PBXBuildFile; fileRef = FC978D1A2D77F07B00AC81B4 /* pk_wrap.c */; };
		FC978D532D77F07B00AC81B4 /* ssl_srv.c in Sources */ = {isa = PBXBuildFile; fileRef = FC978D2A2D77F07B00AC81B4 /* ssl_srv.c */; };
		FC978D542D77F07B00AC81B4 /* md5.c in Sources */ = {isa = PBXBuildFile; fileRef = FC978D132D77F07B00AC81B4 /* md5.c */; };
		FC978D552D77F07B00AC81B4 /* threading.c in Sources */ = {isa = PBXBuildFile; fileRef = FC978D2D2D77F07B00AC81B4 /* threading.c */; };
		FC978D562D77F07B00AC81B4 /* x509_csr.c in Sources */ = {isa = PBXBuildFile; fileRef = FC978D352D77F07B00AC81B4 /* x509_csr.c */; };
		FC978D572D77F07B00AC81B4 /* havege.c in Sources */ = {isa = PBXBuildFile; fileRef = FC978D0C2D77F07B00AC81B4 /* havege.c */; };
		FC978D582D77F07B00AC81B4 /* md.c in Sources */ = {isa = PBXBuildFile; fileRef = FC978D0F2D77F07B00AC81B4 /* md.c */; };
		FC978D592D77F07B00AC81B4 /* asn1parse.c in Sources */ = {isa = PBXBuildFile; fileRef = FC978CF42D77F07B00AC81B4 /* asn1parse.c */; };
		FC978D5A2D77F07B00AC81B4 /* pkcs11.c in Sources */ = {isa = PBXBuildFile; fileRef = FC978D1C2D77F07B00AC81B4 /* pkcs11.c */; };
		FC978D5B2D77F07B00AC81B4 /* xtea.c in Sources */ = {isa = PBXBuildFile; fileRef = FC978D382D77F07B00AC81B4 /* xtea.c */; };
		FC978D5C2D77F07B00AC81B4 /* pem.c in Sources */ = {isa = PBXBuildFile; fileRef = FC978D182D77F07B00AC81B4 /* pem.c */; };
		FC978D5D2D77F07B00AC81B4 /* md_wrap.c in Sources */ = {isa = PBXBuildFile; fileRef = FC978D102D77F07B00AC81B4 /* md_wrap.c */; };
		FC978D5E2D77F07B00AC81B4 /* construct_data.c in Sources */ = {isa = PBXBuildFile; fileRef = FC978C9D2D77F07B00AC81B4 /* construct_data.c */; };
		FC978D5F2D77F07B00AC81B4 /* pk.c in Sources */ = {isa = PBXBuildFile; fileRef = FC978D192D77F07B00AC81B4 /* pk.c */; };
		FC978D602D77F07B00AC81B4 /* dhm.c in Sources */ = {isa = PBXBuildFile; fileRef = FC978D022D77F07B00AC81B4 /* dhm.c */; };
		FC978D612D77F07B00AC81B4 /* ctr_drbg.c in Sources */ = {isa = PBXBuildFile; fileRef = FC978CFF2D77F07B00AC81B4 /* ctr_drbg.c */; };
		FC978D622D77F07B00AC81B4 /* ecp_curves.c in Sources */ = {isa = PBXBuildFile; fileRef = FC978D072D77F07B00AC81B4 /* ecp_curves.c */; };
		FC978D632D77F07B00AC81B4 /* pkparse.c in Sources */ = {isa = PBXBuildFile; fileRef = FC978D1E2D77F07B00AC81B4 /* pkparse.c */; };
		FC978D642D77F07B00AC81B4 /* pkwrite.c in Sources */ = {isa = PBXBuildFile; fileRef = FC978D1F2D77F07B00AC81B4 /* pkwrite.c */; };
		FC978D652D77F07B00AC81B4 /* certs.c in Sources */ = {isa = PBXBuildFile; fileRef = FC978CFB2D77F07B00AC81B4 /* certs.c */; };
		FC978D662D77F07B00AC81B4 /* console_util.c in Sources */ = {isa = PBXBuildFile; fileRef = FC978C9B2D77F07B00AC81B4 /* console_util.c */; };
		FC978D672D77F07B00AC81B4 /* padlock.c in Sources */ = {isa = PBXBuildFile; fileRef = FC978D172D77F07B00AC81B4 /* padlock.c */; };
		FC978D682D77F07B00AC81B4 /* bignum.c in Sources */ = {isa = PBXBuildFile; fileRef = FC978CF72D77F07B00AC81B4 /* bignum.c */; };
		FC978D692D77F07B00AC81B4 /* base64.c in Sources */ = {isa = PBXBuildFile; fileRef = FC978CF62D77F07B00AC81B4 /* base64.c */; };
		FC978D6A2D77F07B00AC81B4 /* ssl_ciphersuites.c in Sources */ = {isa = PBXBuildFile; fileRef = FC978D272D77F07B00AC81B4 /* ssl_ciphersuites.c */; };
		FC978D6B2D77F07B00AC81B4 /* clogger_message_queue.c in Sources */ = {isa = PBXBuildFile; fileRef = FC978D4C2D77F07B00AC81B4 /* clogger_message_queue.c */; };
		FC978D6C2D77F07B00AC81B4 /* version_features.c in Sources */ = {isa = PBXBuildFile; fileRef = FC978D302D77F07B00AC81B4 /* version_features.c */; };
		FC978D6D2D77F07B00AC81B4 /* blowfish.c in Sources */ = {isa = PBXBuildFile; fileRef = FC978CF82D77F07B00AC81B4 /* blowfish.c */; };
		FC978D6E2D77F07B00AC81B4 /* cipher.c in Sources */ = {isa = PBXBuildFile; fileRef = FC978CFC2D77F07B00AC81B4 /* cipher.c */; };
		FC978D6F2D77F07B00AC81B4 /* clogger_lock.c in Sources */ = {isa = PBXBuildFile; fileRef = FC978D4A2D77F07B00AC81B4 /* clogger_lock.c */; };
		FC978D702D77F07B00AC81B4 /* Makefile in Sources */ = {isa = PBXBuildFile; fileRef = FC978D0E2D77F07B00AC81B4 /* Makefile */; };
		FC978D712D77F07B00AC81B4 /* debug.c in Sources */ = {isa = PBXBuildFile; fileRef = FC978D002D77F07B00AC81B4 /* debug.c */; };
		FC978D722D77F07B00AC81B4 /* ssl_cookie.c in Sources */ = {isa = PBXBuildFile; fileRef = FC978D292D77F07B00AC81B4 /* ssl_cookie.c */; };
		FC978D732D77F07B00AC81B4 /* pkcs5.c in Sources */ = {isa = PBXBuildFile; fileRef = FC978D1B2D77F07B00AC81B4 /* pkcs5.c */; };
		FC978D742D77F07B00AC81B4 /* ripemd160.c in Sources */ = {isa = PBXBuildFile; fileRef = FC978D212D77F07B00AC81B4 /* ripemd160.c */; };
		FC978D752D77F07B00AC81B4 /* clogger_list.c in Sources */ = {isa = PBXBuildFile; fileRef = FC978D492D77F07B00AC81B4 /* clogger_list.c */; };
		FC978D762D77F07B00AC81B4 /* x509write_crt.c in Sources */ = {isa = PBXBuildFile; fileRef = FC978D362D77F07B00AC81B4 /* x509write_crt.c */; };
		FC978D772D77F07B00AC81B4 /* camellia.c in Sources */ = {isa = PBXBuildFile; fileRef = FC978CF92D77F07B00AC81B4 /* camellia.c */; };
		FC978D782D77F07B00AC81B4 /* clogan_core.c in Sources */ = {isa = PBXBuildFile; fileRef = FC978C982D77F07B00AC81B4 /* clogan_core.c */; };
		FC978D792D77F07B00AC81B4 /* entropy_poll.c in Sources */ = {isa = PBXBuildFile; fileRef = FC978D092D77F07B00AC81B4 /* entropy_poll.c */; };
		FC978D7A2D77F07B00AC81B4 /* arc4.c in Sources */ = {isa = PBXBuildFile; fileRef = FC978CF32D77F07B00AC81B4 /* arc4.c */; };
		FC978D7B2D77F07B00AC81B4 /* md4.c in Sources */ = {isa = PBXBuildFile; fileRef = FC978D122D77F07B00AC81B4 /* md4.c */; };
		FC978D7C2D77F07B00AC81B4 /* x509_crt.c in Sources */ = {isa = PBXBuildFile; fileRef = FC978D342D77F07B00AC81B4 /* x509_crt.c */; };
		FC978D7D2D77F07B00AC81B4 /* des.c in Sources */ = {isa = PBXBuildFile; fileRef = FC978D012D77F07B00AC81B4 /* des.c */; };
		FC978D7E2D77F07B00AC81B4 /* mmap_util.c in Sources */ = {isa = PBXBuildFile; fileRef = FC978CA52D77F07B00AC81B4 /* mmap_util.c */; };
		FC978D7F2D77F07B00AC81B4 /* ssl_tls.c in Sources */ = {isa = PBXBuildFile; fileRef = FC978D2C2D77F07B00AC81B4 /* ssl_tls.c */; };
		FC978D802D77F07B00AC81B4 /* cipher_wrap.c in Sources */ = {isa = PBXBuildFile; fileRef = FC978CFD2D77F07B00AC81B4 /* cipher_wrap.c */; };
		FC978D812D77F07B00AC81B4 /* directory_util.c in Sources */ = {isa = PBXBuildFile; fileRef = FC978C9F2D77F07B00AC81B4 /* directory_util.c */; };
		FC978D822D77F07B00AC81B4 /* json_util.c in Sources */ = {isa = PBXBuildFile; fileRef = FC978CA12D77F07B00AC81B4 /* json_util.c */; };
		FC978D832D77F07B00AC81B4 /* x509_crl.c in Sources */ = {isa = PBXBuildFile; fileRef = FC978D332D77F07B00AC81B4 /* x509_crl.c */; };
		FC978D842D77F07B00AC81B4 /* rsa.c in Sources */ = {isa = PBXBuildFile; fileRef = FC978D222D77F07B00AC81B4 /* rsa.c */; };
		FC978D852D77F07B00AC81B4 /* aes.c in Sources */ = {isa = PBXBuildFile; fileRef = FC978CF12D77F07B00AC81B4 /* aes.c */; };
		FC978D862D77F07B00AC81B4 /* ecjpake.c in Sources */ = {isa = PBXBuildFile; fileRef = FC978D052D77F07B00AC81B4 /* ecjpake.c */; };
		FC978D872D77F07B00AC81B4 /* zlib_util.c in Sources */ = {isa = PBXBuildFile; fileRef = FC978CA72D77F07B00AC81B4 /* zlib_util.c */; };
		FC978D882D77F07B00AC81B4 /* ccm.c in Sources */ = {isa = PBXBuildFile; fileRef = FC978CFA2D77F07B00AC81B4 /* ccm.c */; };
		FC978D892D77F07B00AC81B4 /* ecdsa.c in Sources */ = {isa = PBXBuildFile; fileRef = FC978D042D77F07B00AC81B4 /* ecdsa.c */; };
		FC978D8A2D77F07B00AC81B4 /* pkcs12.c in Sources */ = {isa = PBXBuildFile; fileRef = FC978D1D2D77F07B00AC81B4 /* pkcs12.c */; };
		FC978D8B2D77F07B00AC81B4 /* oid.c in Sources */ = {isa = PBXBuildFile; fileRef = FC978D162D77F07B00AC81B4 /* oid.c */; };
		FC978D8C2D77F07B00AC81B4 /* x509write_csr.c in Sources */ = {isa = PBXBuildFile; fileRef = FC978D372D77F07B00AC81B4 /* x509write_csr.c */; };
		FC978D8D2D77F07B00AC81B4 /* base_util.c in Sources */ = {isa = PBXBuildFile; fileRef = FC978C942D77F07B00AC81B4 /* base_util.c */; };
		FC978D8E2D77F07B00AC81B4 /* clogger_logan.c in Sources */ = {isa = PBXBuildFile; fileRef = FC978D4B2D77F07B00AC81B4 /* clogger_logan.c */; };
		FC978D8F2D77F07B00AC81B4 /* ecdh.c in Sources */ = {isa = PBXBuildFile; fileRef = FC978D032D77F07B00AC81B4 /* ecdh.c */; };
		FC978D902D77F07B00AC81B4 /* sha1.c in Sources */ = {isa = PBXBuildFile; fileRef = FC978D232D77F07B00AC81B4 /* sha1.c */; };
		FC978D912D77F07B00AC81B4 /* ssl_cache.c in Sources */ = {isa = PBXBuildFile; fileRef = FC978D262D77F07B00AC81B4 /* ssl_cache.c */; };
		FC978D922D77F07B00AC81B4 /* clogger_savefile.c in Sources */ = {isa = PBXBuildFile; fileRef = FC978D4E2D77F07B00AC81B4 /* clogger_savefile.c */; };
		FC978D932D77F07B00AC81B4 /* platform.c in Sources */ = {isa = PBXBuildFile; fileRef = FC978D202D77F07B00AC81B4 /* platform.c */; };
		FC978D942D77F07B00AC81B4 /* sha512.c in Sources */ = {isa = PBXBuildFile; fileRef = FC978D252D77F07B00AC81B4 /* sha512.c */; };
		FC978D952D77F07B00AC81B4 /* ssl_cli.c in Sources */ = {isa = PBXBuildFile; fileRef = FC978D282D77F07B00AC81B4 /* ssl_cli.c */; };
		FC978D962D77F07B00AC81B4 /* sha256.c in Sources */ = {isa = PBXBuildFile; fileRef = FC978D242D77F07B00AC81B4 /* sha256.c */; };
		FC978D972D77F07B00AC81B4 /* timing.c in Sources */ = {isa = PBXBuildFile; fileRef = FC978D2E2D77F07B00AC81B4 /* timing.c */; };
		FC978D982D77F07B00AC81B4 /* ecp.c in Sources */ = {isa = PBXBuildFile; fileRef = FC978D062D77F07B00AC81B4 /* ecp.c */; };
		FC978D992D77F07B00AC81B4 /* net_sockets.c in Sources */ = {isa = PBXBuildFile; fileRef = FC978D152D77F07B00AC81B4 /* net_sockets.c */; };
		FC978D9A2D77F07B00AC81B4 /* entropy.c in Sources */ = {isa = PBXBuildFile; fileRef = FC978D082D77F07B00AC81B4 /* entropy.c */; };
		FC978D9B2D77F07B00AC81B4 /* asn1write.c in Sources */ = {isa = PBXBuildFile; fileRef = FC978CF52D77F07B00AC81B4 /* asn1write.c */; };
		FC978D9C2D77F07B00AC81B4 /* aes_util.c in Sources */ = {isa = PBXBuildFile; fileRef = FC978C922D77F07B00AC81B4 /* aes_util.c */; };
		FC978D9D2D77F07B00AC81B4 /* clogger_ref.c in Sources */ = {isa = PBXBuildFile; fileRef = FC978D4D2D77F07B00AC81B4 /* clogger_ref.c */; };
		FC978D9E2D77F07B00AC81B4 /* gcm.c in Sources */ = {isa = PBXBuildFile; fileRef = FC978D0B2D77F07B00AC81B4 /* gcm.c */; };
		FC978D9F2D77F07B00AC81B4 /* x509.c in Sources */ = {isa = PBXBuildFile; fileRef = FC978D312D77F07B00AC81B4 /* x509.c */; };
		FC978DA02D77F07B00AC81B4 /* aesni.c in Sources */ = {isa = PBXBuildFile; fileRef = FC978CF22D77F07B00AC81B4 /* aesni.c */; };
		FC978DA12D77F07B00AC81B4 /* version.c in Sources */ = {isa = PBXBuildFile; fileRef = FC978D2F2D77F07B00AC81B4 /* version.c */; };
		FC978DA22D77F07B00AC81B4 /* cmac.c in Sources */ = {isa = PBXBuildFile; fileRef = FC978CFE2D77F07B00AC81B4 /* cmac.c */; };
		FC978DA42D77F07B00AC81B4 /* ssl_ticket.c in Sources */ = {isa = PBXBuildFile; fileRef = FC978D2B2D77F07B00AC81B4 /* ssl_ticket.c */; };
		FC978DA52D77F07B00AC81B4 /* error.c in Sources */ = {isa = PBXBuildFile; fileRef = FC978D0A2D77F07B00AC81B4 /* error.c */; };
		FC978DA62D77F07B00AC81B4 /* md2.c in Sources */ = {isa = PBXBuildFile; fileRef = FC978D112D77F07B00AC81B4 /* md2.c */; };
		FC978DA72D77F07B00AC81B4 /* memory_buffer_alloc.c in Sources */ = {isa = PBXBuildFile; fileRef = FC978D142D77F07B00AC81B4 /* memory_buffer_alloc.c */; };
		FC978DA82D77F07B00AC81B4 /* hmac_drbg.c in Sources */ = {isa = PBXBuildFile; fileRef = FC978D0D2D77F07B00AC81B4 /* hmac_drbg.c */; };
		FC978DA92D77F07B00AC81B4 /* clogger.c in Sources */ = {isa = PBXBuildFile; fileRef = FC978D482D77F07B00AC81B4 /* clogger.c */; };
		FC978DAA2D77F07B00AC81B4 /* clogger_utils.c in Sources */ = {isa = PBXBuildFile; fileRef = FC978D4F2D77F07B00AC81B4 /* clogger_utils.c */; };
		FC978DAB2D77F07B00AC81B4 /* x509_create.c in Sources */ = {isa = PBXBuildFile; fileRef = FC978D322D77F07B00AC81B4 /* x509_create.c */; };
		FC978DC42D7825DF00AC81B4 /* OCLoggerIOSWrapper.m in Sources */ = {isa = PBXBuildFile; fileRef = FC978DC32D7825DF00AC81B4 /* OCLoggerIOSWrapper.m */; };
		FC978DC72D7836B300AC81B4 /* OCLogger.m in Sources */ = {isa = PBXBuildFile; fileRef = FC978DC62D7836B300AC81B4 /* OCLogger.m */; };
		FC978DE22D783F4100AC81B4 /* LoganLogImpl.m in Sources */ = {isa = PBXBuildFile; fileRef = FC978DE12D783F4100AC81B4 /* LoganLogImpl.m */; };
		FC978DE52D78426900AC81B4 /* PrintLogImpl.m in Sources */ = {isa = PBXBuildFile; fileRef = FC978DE42D78426900AC81B4 /* PrintLogImpl.m */; };
		FC978DE82D78434D00AC81B4 /* SaveFileLogImpl.m in Sources */ = {isa = PBXBuildFile; fileRef = FC978DE72D78434D00AC81B4 /* SaveFileLogImpl.m */; };
		FCC5BE1B2D76F894005CDB7B /* OCLoggerConfig.m in Sources */ = {isa = PBXBuildFile; fileRef = FCC5BE1A2D76F894005CDB7B /* OCLoggerConfig.m */; };
		FCF1DD3C2D7AE8B800ECBE95 /* CLoggerIOSUtils.c in Sources */ = {isa = PBXBuildFile; fileRef = FCF1DD3B2D7AE8B800ECBE95 /* CLoggerIOSUtils.c */; };
/* End PBXBuildFile section */

/* Begin PBXFileReference section */
		29A78A50EA1E76CB4F3F3FD1 /* Pods-CLoggerDemo.release.xcconfig */ = {isa = PBXFileReference; includeInIndex = 1; lastKnownFileType = text.xcconfig; name = "Pods-CLoggerDemo.release.xcconfig"; path = "Target Support Files/Pods-CLoggerDemo/Pods-CLoggerDemo.release.xcconfig"; sourceTree = "<group>"; };
		306F9B3E74BD9E0454926AA6 /* Pods-CLoggerDemo.debug.xcconfig */ = {isa = PBXFileReference; includeInIndex = 1; lastKnownFileType = text.xcconfig; name = "Pods-CLoggerDemo.debug.xcconfig"; path = "Target Support Files/Pods-CLoggerDemo/Pods-CLoggerDemo.debug.xcconfig"; sourceTree = "<group>"; };
		8E86B51DACEB720CF5AFE078 /* Pods_CLoggerDemo.framework */ = {isa = PBXFileReference; explicitFileType = wrapper.framework; includeInIndex = 0; path = Pods_CLoggerDemo.framework; sourceTree = BUILT_PRODUCTS_DIR; };
		FC978C912D77F07B00AC81B4 /* aes_util.h */ = {isa = PBXFileReference; lastKnownFileType = sourcecode.c.h; path = aes_util.h; sourceTree = "<group>"; };
		FC978C922D77F07B00AC81B4 /* aes_util.c */ = {isa = PBXFileReference; lastKnownFileType = sourcecode.c.c; path = aes_util.c; sourceTree = "<group>"; };
		FC978C932D77F07B00AC81B4 /* base_util.h */ = {isa = PBXFileReference; lastKnownFileType = sourcecode.c.h; path = base_util.h; sourceTree = "<group>"; };
		FC978C942D77F07B00AC81B4 /* base_util.c */ = {isa = PBXFileReference; lastKnownFileType = sourcecode.c.c; path = base_util.c; sourceTree = "<group>"; };
		FC978C952D77F07B00AC81B4 /* cJSON.h */ = {isa = PBXFileReference; lastKnownFileType = sourcecode.c.h; path = cJSON.h; sourceTree = "<group>"; };
		FC978C962D77F07B00AC81B4 /* cJSON.c */ = {isa = PBXFileReference; lastKnownFileType = sourcecode.c.c; path = cJSON.c; sourceTree = "<group>"; };
		FC978C972D77F07B00AC81B4 /* clogan_core.h */ = {isa = PBXFileReference; lastKnownFileType = sourcecode.c.h; path = clogan_core.h; sourceTree = "<group>"; };
		FC978C982D77F07B00AC81B4 /* clogan_core.c */ = {isa = PBXFileReference; lastKnownFileType = sourcecode.c.c; path = clogan_core.c; sourceTree = "<group>"; };
		FC978C992D77F07B00AC81B4 /* clogan_status.h */ = {isa = PBXFileReference; lastKnownFileType = sourcecode.c.h; path = clogan_status.h; sourceTree = "<group>"; };
		FC978C9A2D77F07B00AC81B4 /* console_util.h */ = {isa = PBXFileReference; lastKnownFileType = sourcecode.c.h; path = console_util.h; sourceTree = "<group>"; };
		FC978C9B2D77F07B00AC81B4 /* console_util.c */ = {isa = PBXFileReference; lastKnownFileType = sourcecode.c.c; path = console_util.c; sourceTree = "<group>"; };
		FC978C9C2D77F07B00AC81B4 /* construct_data.h */ = {isa = PBXFileReference; lastKnownFileType = sourcecode.c.h; path = construct_data.h; sourceTree = "<group>"; };
		FC978C9D2D77F07B00AC81B4 /* construct_data.c */ = {isa = PBXFileReference; lastKnownFileType = sourcecode.c.c; path = construct_data.c; sourceTree = "<group>"; };
		FC978C9E2D77F07B00AC81B4 /* directory_util.h */ = {isa = PBXFileReference; lastKnownFileType = sourcecode.c.h; path = directory_util.h; sourceTree = "<group>"; };
		FC978C9F2D77F07B00AC81B4 /* directory_util.c */ = {isa = PBXFileReference; lastKnownFileType = sourcecode.c.c; path = directory_util.c; sourceTree = "<group>"; };
		FC978CA02D77F07B00AC81B4 /* json_util.h */ = {isa = PBXFileReference; lastKnownFileType = sourcecode.c.h; path = json_util.h; sourceTree = "<group>"; };
		FC978CA12D77F07B00AC81B4 /* json_util.c */ = {isa = PBXFileReference; lastKnownFileType = sourcecode.c.c; path = json_util.c; sourceTree = "<group>"; };
		FC978CA22D77F07B00AC81B4 /* logan_config.h */ = {isa = PBXFileReference; lastKnownFileType = sourcecode.c.h; path = logan_config.h; sourceTree = "<group>"; };
		FC978CA42D77F07B00AC81B4 /* mmap_util.h */ = {isa = PBXFileReference; lastKnownFileType = sourcecode.c.h; path = mmap_util.h; sourceTree = "<group>"; };
		FC978CA52D77F07B00AC81B4 /* mmap_util.c */ = {isa = PBXFileReference; lastKnownFileType = sourcecode.c.c; path = mmap_util.c; sourceTree = "<group>"; };
		FC978CA62D77F07B00AC81B4 /* zlib_util.h */ = {isa = PBXFileReference; lastKnownFileType = sourcecode.c.h; path = zlib_util.h; sourceTree = "<group>"; };
		FC978CA72D77F07B00AC81B4 /* zlib_util.c */ = {isa = PBXFileReference; lastKnownFileType = sourcecode.c.c; path = zlib_util.c; sourceTree = "<group>"; };
		FC978CA92D77F07B00AC81B4 /* aes.h */ = {isa = PBXFileReference; lastKnownFileType = sourcecode.c.h; path = aes.h; sourceTree = "<group>"; };
		FC978CAA2D77F07B00AC81B4 /* aesni.h */ = {isa = PBXFileReference; lastKnownFileType = sourcecode.c.h; path = aesni.h; sourceTree = "<group>"; };
		FC978CAB2D77F07B00AC81B4 /* arc4.h */ = {isa = PBXFileReference; lastKnownFileType = sourcecode.c.h; path = arc4.h; sourceTree = "<group>"; };
		FC978CAC2D77F07B00AC81B4 /* asn1.h */ = {isa = PBXFileReference; lastKnownFileType = sourcecode.c.h; path = asn1.h; sourceTree = "<group>"; };
		FC978CAD2D77F07B00AC81B4 /* asn1write.h */ = {isa = PBXFileReference; lastKnownFileType = sourcecode.c.h; path = asn1write.h; sourceTree = "<group>"; };
		FC978CAE2D77F07B00AC81B4 /* base64.h */ = {isa = PBXFileReference; lastKnownFileType = sourcecode.c.h; path = base64.h; sourceTree = "<group>"; };
		FC978CAF2D77F07B00AC81B4 /* bignum.h */ = {isa = PBXFileReference; lastKnownFileType = sourcecode.c.h; path = bignum.h; sourceTree = "<group>"; };
		FC978CB02D77F07B00AC81B4 /* blowfish.h */ = {isa = PBXFileReference; lastKnownFileType = sourcecode.c.h; path = blowfish.h; sourceTree = "<group>"; };
		FC978CB12D77F07B00AC81B4 /* bn_mul.h */ = {isa = PBXFileReference; lastKnownFileType = sourcecode.c.h; path = bn_mul.h; sourceTree = "<group>"; };
		FC978CB22D77F07B00AC81B4 /* camellia.h */ = {isa = PBXFileReference; lastKnownFileType = sourcecode.c.h; path = camellia.h; sourceTree = "<group>"; };
		FC978CB32D77F07B00AC81B4 /* ccm.h */ = {isa = PBXFileReference; lastKnownFileType = sourcecode.c.h; path = ccm.h; sourceTree = "<group>"; };
		FC978CB42D77F07B00AC81B4 /* certs.h */ = {isa = PBXFileReference; lastKnownFileType = sourcecode.c.h; path = certs.h; sourceTree = "<group>"; };
		FC978CB52D77F07B00AC81B4 /* check_config.h */ = {isa = PBXFileReference; lastKnownFileType = sourcecode.c.h; path = check_config.h; sourceTree = "<group>"; };
		FC978CB62D77F07B00AC81B4 /* cipher.h */ = {isa = PBXFileReference; lastKnownFileType = sourcecode.c.h; path = cipher.h; sourceTree = "<group>"; };
		FC978CB72D77F07B00AC81B4 /* cipher_internal.h */ = {isa = PBXFileReference; lastKnownFileType = sourcecode.c.h; path = cipher_internal.h; sourceTree = "<group>"; };
		FC978CB82D77F07B00AC81B4 /* cmac.h */ = {isa = PBXFileReference; lastKnownFileType = sourcecode.c.h; path = cmac.h; sourceTree = "<group>"; };
		FC978CB92D77F07B00AC81B4 /* compat-1.3.h */ = {isa = PBXFileReference; lastKnownFileType = sourcecode.c.h; path = "compat-1.3.h"; sourceTree = "<group>"; };
		FC978CBA2D77F07B00AC81B4 /* config.h */ = {isa = PBXFileReference; lastKnownFileType = sourcecode.c.h; path = config.h; sourceTree = "<group>"; };
		FC978CBB2D77F07B00AC81B4 /* ctr_drbg.h */ = {isa = PBXFileReference; lastKnownFileType = sourcecode.c.h; path = ctr_drbg.h; sourceTree = "<group>"; };
		FC978CBC2D77F07B00AC81B4 /* debug.h */ = {isa = PBXFileReference; lastKnownFileType = sourcecode.c.h; path = debug.h; sourceTree = "<group>"; };
		FC978CBD2D77F07B00AC81B4 /* des.h */ = {isa = PBXFileReference; lastKnownFileType = sourcecode.c.h; path = des.h; sourceTree = "<group>"; };
		FC978CBE2D77F07B00AC81B4 /* dhm.h */ = {isa = PBXFileReference; lastKnownFileType = sourcecode.c.h; path = dhm.h; sourceTree = "<group>"; };
		FC978CBF2D77F07B00AC81B4 /* ecdh.h */ = {isa = PBXFileReference; lastKnownFileType = sourcecode.c.h; path = ecdh.h; sourceTree = "<group>"; };
		FC978CC02D77F07B00AC81B4 /* ecdsa.h */ = {isa = PBXFileReference; lastKnownFileType = sourcecode.c.h; path = ecdsa.h; sourceTree = "<group>"; };
		FC978CC12D77F07B00AC81B4 /* ecjpake.h */ = {isa = PBXFileReference; lastKnownFileType = sourcecode.c.h; path = ecjpake.h; sourceTree = "<group>"; };
		FC978CC22D77F07B00AC81B4 /* ecp.h */ = {isa = PBXFileReference; lastKnownFileType = sourcecode.c.h; path = ecp.h; sourceTree = "<group>"; };
		FC978CC32D77F07B00AC81B4 /* ecp_internal.h */ = {isa = PBXFileReference; lastKnownFileType = sourcecode.c.h; path = ecp_internal.h; sourceTree = "<group>"; };
		FC978CC42D77F07B00AC81B4 /* entropy.h */ = {isa = PBXFileReference; lastKnownFileType = sourcecode.c.h; path = entropy.h; sourceTree = "<group>"; };
		FC978CC52D77F07B00AC81B4 /* entropy_poll.h */ = {isa = PBXFileReference; lastKnownFileType = sourcecode.c.h; path = entropy_poll.h; sourceTree = "<group>"; };
		FC978CC62D77F07B00AC81B4 /* error.h */ = {isa = PBXFileReference; lastKnownFileType = sourcecode.c.h; path = error.h; sourceTree = "<group>"; };
		FC978CC72D77F07B00AC81B4 /* gcm.h */ = {isa = PBXFileReference; lastKnownFileType = sourcecode.c.h; path = gcm.h; sourceTree = "<group>"; };
		FC978CC82D77F07B00AC81B4 /* havege.h */ = {isa = PBXFileReference; lastKnownFileType = sourcecode.c.h; path = havege.h; sourceTree = "<group>"; };
		FC978CC92D77F07B00AC81B4 /* hmac_drbg.h */ = {isa = PBXFileReference; lastKnownFileType = sourcecode.c.h; path = hmac_drbg.h; sourceTree = "<group>"; };
		FC978CCA2D77F07B00AC81B4 /* md.h */ = {isa = PBXFileReference; lastKnownFileType = sourcecode.c.h; path = md.h; sourceTree = "<group>"; };
		FC978CCB2D77F07B00AC81B4 /* md_internal.h */ = {isa = PBXFileReference; lastKnownFileType = sourcecode.c.h; path = md_internal.h; sourceTree = "<group>"; };
		FC978CCC2D77F07B00AC81B4 /* md2.h */ = {isa = PBXFileReference; lastKnownFileType = sourcecode.c.h; path = md2.h; sourceTree = "<group>"; };
		FC978CCD2D77F07B00AC81B4 /* md4.h */ = {isa = PBXFileReference; lastKnownFileType = sourcecode.c.h; path = md4.h; sourceTree = "<group>"; };
		FC978CCE2D77F07B00AC81B4 /* md5.h */ = {isa = PBXFileReference; lastKnownFileType = sourcecode.c.h; path = md5.h; sourceTree = "<group>"; };
		FC978CCF2D77F07B00AC81B4 /* memory_buffer_alloc.h */ = {isa = PBXFileReference; lastKnownFileType = sourcecode.c.h; path = memory_buffer_alloc.h; sourceTree = "<group>"; };
		FC978CD02D77F07B00AC81B4 /* net.h */ = {isa = PBXFileReference; lastKnownFileType = sourcecode.c.h; path = net.h; sourceTree = "<group>"; };
		FC978CD12D77F07B00AC81B4 /* net_sockets.h */ = {isa = PBXFileReference; lastKnownFileType = sourcecode.c.h; path = net_sockets.h; sourceTree = "<group>"; };
		FC978CD22D77F07B00AC81B4 /* oid.h */ = {isa = PBXFileReference; lastKnownFileType = sourcecode.c.h; path = oid.h; sourceTree = "<group>"; };
		FC978CD32D77F07B00AC81B4 /* padlock.h */ = {isa = PBXFileReference; lastKnownFileType = sourcecode.c.h; path = padlock.h; sourceTree = "<group>"; };
		FC978CD42D77F07B00AC81B4 /* pem.h */ = {isa = PBXFileReference; lastKnownFileType = sourcecode.c.h; path = pem.h; sourceTree = "<group>"; };
		FC978CD52D77F07B00AC81B4 /* pk.h */ = {isa = PBXFileReference; lastKnownFileType = sourcecode.c.h; path = pk.h; sourceTree = "<group>"; };
		FC978CD62D77F07B00AC81B4 /* pk_internal.h */ = {isa = PBXFileReference; lastKnownFileType = sourcecode.c.h; path = pk_internal.h; sourceTree = "<group>"; };
		FC978CD72D77F07B00AC81B4 /* pkcs5.h */ = {isa = PBXFileReference; lastKnownFileType = sourcecode.c.h; path = pkcs5.h; sourceTree = "<group>"; };
		FC978CD82D77F07B00AC81B4 /* pkcs11.h */ = {isa = PBXFileReference; lastKnownFileType = sourcecode.c.h; path = pkcs11.h; sourceTree = "<group>"; };
		FC978CD92D77F07B00AC81B4 /* pkcs12.h */ = {isa = PBXFileReference; lastKnownFileType = sourcecode.c.h; path = pkcs12.h; sourceTree = "<group>"; };
		FC978CDA2D77F07B00AC81B4 /* platform.h */ = {isa = PBXFileReference; lastKnownFileType = sourcecode.c.h; path = platform.h; sourceTree = "<group>"; };
		FC978CDB2D77F07B00AC81B4 /* platform_time.h */ = {isa = PBXFileReference; lastKnownFileType = sourcecode.c.h; path = platform_time.h; sourceTree = "<group>"; };
		FC978CDC2D77F07B00AC81B4 /* ripemd160.h */ = {isa = PBXFileReference; lastKnownFileType = sourcecode.c.h; path = ripemd160.h; sourceTree = "<group>"; };
		FC978CDD2D77F07B00AC81B4 /* rsa.h */ = {isa = PBXFileReference; lastKnownFileType = sourcecode.c.h; path = rsa.h; sourceTree = "<group>"; };
		FC978CDE2D77F07B00AC81B4 /* sha1.h */ = {isa = PBXFileReference; lastKnownFileType = sourcecode.c.h; path = sha1.h; sourceTree = "<group>"; };
		FC978CDF2D77F07B00AC81B4 /* sha256.h */ = {isa = PBXFileReference; lastKnownFileType = sourcecode.c.h; path = sha256.h; sourceTree = "<group>"; };
		FC978CE02D77F07B00AC81B4 /* sha512.h */ = {isa = PBXFileReference; lastKnownFileType = sourcecode.c.h; path = sha512.h; sourceTree = "<group>"; };
		FC978CE12D77F07B00AC81B4 /* ssl.h */ = {isa = PBXFileReference; lastKnownFileType = sourcecode.c.h; path = ssl.h; sourceTree = "<group>"; };
		FC978CE22D77F07B00AC81B4 /* ssl_cache.h */ = {isa = PBXFileReference; lastKnownFileType = sourcecode.c.h; path = ssl_cache.h; sourceTree = "<group>"; };
		FC978CE32D77F07B00AC81B4 /* ssl_ciphersuites.h */ = {isa = PBXFileReference; lastKnownFileType = sourcecode.c.h; path = ssl_ciphersuites.h; sourceTree = "<group>"; };
		FC978CE42D77F07B00AC81B4 /* ssl_cookie.h */ = {isa = PBXFileReference; lastKnownFileType = sourcecode.c.h; path = ssl_cookie.h; sourceTree = "<group>"; };
		FC978CE52D77F07B00AC81B4 /* ssl_internal.h */ = {isa = PBXFileReference; lastKnownFileType = sourcecode.c.h; path = ssl_internal.h; sourceTree = "<group>"; };
		FC978CE62D77F07B00AC81B4 /* ssl_ticket.h */ = {isa = PBXFileReference; lastKnownFileType = sourcecode.c.h; path = ssl_ticket.h; sourceTree = "<group>"; };
		FC978CE72D77F07B00AC81B4 /* threading.h */ = {isa = PBXFileReference; lastKnownFileType = sourcecode.c.h; path = threading.h; sourceTree = "<group>"; };
		FC978CE82D77F07B00AC81B4 /* timing.h */ = {isa = PBXFileReference; lastKnownFileType = sourcecode.c.h; path = timing.h; sourceTree = "<group>"; };
		FC978CE92D77F07B00AC81B4 /* version.h */ = {isa = PBXFileReference; lastKnownFileType = sourcecode.c.h; path = version.h; sourceTree = "<group>"; };
		FC978CEA2D77F07B00AC81B4 /* x509.h */ = {isa = PBXFileReference; lastKnownFileType = sourcecode.c.h; path = x509.h; sourceTree = "<group>"; };
		FC978CEB2D77F07B00AC81B4 /* x509_crl.h */ = {isa = PBXFileReference; lastKnownFileType = sourcecode.c.h; path = x509_crl.h; sourceTree = "<group>"; };
		FC978CEC2D77F07B00AC81B4 /* x509_crt.h */ = {isa = PBXFileReference; lastKnownFileType = sourcecode.c.h; path = x509_crt.h; sourceTree = "<group>"; };
		FC978CED2D77F07B00AC81B4 /* x509_csr.h */ = {isa = PBXFileReference; lastKnownFileType = sourcecode.c.h; path = x509_csr.h; sourceTree = "<group>"; };
		FC978CEE2D77F07B00AC81B4 /* xtea.h */ = {isa = PBXFileReference; lastKnownFileType = sourcecode.c.h; path = xtea.h; sourceTree = "<group>"; };
		FC978CF12D77F07B00AC81B4 /* aes.c */ = {isa = PBXFileReference; lastKnownFileType = sourcecode.c.c; path = aes.c; sourceTree = "<group>"; };
		FC978CF22D77F07B00AC81B4 /* aesni.c */ = {isa = PBXFileReference; lastKnownFileType = sourcecode.c.c; path = aesni.c; sourceTree = "<group>"; };
		FC978CF32D77F07B00AC81B4 /* arc4.c */ = {isa = PBXFileReference; lastKnownFileType = sourcecode.c.c; path = arc4.c; sourceTree = "<group>"; };
		FC978CF42D77F07B00AC81B4 /* asn1parse.c */ = {isa = PBXFileReference; lastKnownFileType = sourcecode.c.c; path = asn1parse.c; sourceTree = "<group>"; };
		FC978CF52D77F07B00AC81B4 /* asn1write.c */ = {isa = PBXFileReference; lastKnownFileType = sourcecode.c.c; path = asn1write.c; sourceTree = "<group>"; };
		FC978CF62D77F07B00AC81B4 /* base64.c */ = {isa = PBXFileReference; lastKnownFileType = sourcecode.c.c; path = base64.c; sourceTree = "<group>"; };
		FC978CF72D77F07B00AC81B4 /* bignum.c */ = {isa = PBXFileReference; lastKnownFileType = sourcecode.c.c; path = bignum.c; sourceTree = "<group>"; };
		FC978CF82D77F07B00AC81B4 /* blowfish.c */ = {isa = PBXFileReference; lastKnownFileType = sourcecode.c.c; path = blowfish.c; sourceTree = "<group>"; };
		FC978CF92D77F07B00AC81B4 /* camellia.c */ = {isa = PBXFileReference; lastKnownFileType = sourcecode.c.c; path = camellia.c; sourceTree = "<group>"; };
		FC978CFA2D77F07B00AC81B4 /* ccm.c */ = {isa = PBXFileReference; lastKnownFileType = sourcecode.c.c; path = ccm.c; sourceTree = "<group>"; };
		FC978CFB2D77F07B00AC81B4 /* certs.c */ = {isa = PBXFileReference; lastKnownFileType = sourcecode.c.c; path = certs.c; sourceTree = "<group>"; };
		FC978CFC2D77F07B00AC81B4 /* cipher.c */ = {isa = PBXFileReference; lastKnownFileType = sourcecode.c.c; path = cipher.c; sourceTree = "<group>"; };
		FC978CFD2D77F07B00AC81B4 /* cipher_wrap.c */ = {isa = PBXFileReference; lastKnownFileType = sourcecode.c.c; path = cipher_wrap.c; sourceTree = "<group>"; };
		FC978CFE2D77F07B00AC81B4 /* cmac.c */ = {isa = PBXFileReference; lastKnownFileType = sourcecode.c.c; path = cmac.c; sourceTree = "<group>"; };
		FC978CFF2D77F07B00AC81B4 /* ctr_drbg.c */ = {isa = PBXFileReference; lastKnownFileType = sourcecode.c.c; path = ctr_drbg.c; sourceTree = "<group>"; };
		FC978D002D77F07B00AC81B4 /* debug.c */ = {isa = PBXFileReference; lastKnownFileType = sourcecode.c.c; path = debug.c; sourceTree = "<group>"; };
		FC978D012D77F07B00AC81B4 /* des.c */ = {isa = PBXFileReference; lastKnownFileType = sourcecode.c.c; path = des.c; sourceTree = "<group>"; };
		FC978D022D77F07B00AC81B4 /* dhm.c */ = {isa = PBXFileReference; lastKnownFileType = sourcecode.c.c; path = dhm.c; sourceTree = "<group>"; };
		FC978D032D77F07B00AC81B4 /* ecdh.c */ = {isa = PBXFileReference; lastKnownFileType = sourcecode.c.c; path = ecdh.c; sourceTree = "<group>"; };
		FC978D042D77F07B00AC81B4 /* ecdsa.c */ = {isa = PBXFileReference; lastKnownFileType = sourcecode.c.c; path = ecdsa.c; sourceTree = "<group>"; };
		FC978D052D77F07B00AC81B4 /* ecjpake.c */ = {isa = PBXFileReference; lastKnownFileType = sourcecode.c.c; path = ecjpake.c; sourceTree = "<group>"; };
		FC978D062D77F07B00AC81B4 /* ecp.c */ = {isa = PBXFileReference; lastKnownFileType = sourcecode.c.c; path = ecp.c; sourceTree = "<group>"; };
		FC978D072D77F07B00AC81B4 /* ecp_curves.c */ = {isa = PBXFileReference; lastKnownFileType = sourcecode.c.c; path = ecp_curves.c; sourceTree = "<group>"; };
		FC978D082D77F07B00AC81B4 /* entropy.c */ = {isa = PBXFileReference; lastKnownFileType = sourcecode.c.c; path = entropy.c; sourceTree = "<group>"; };
		FC978D092D77F07B00AC81B4 /* entropy_poll.c */ = {isa = PBXFileReference; lastKnownFileType = sourcecode.c.c; path = entropy_poll.c; sourceTree = "<group>"; };
		FC978D0A2D77F07B00AC81B4 /* error.c */ = {isa = PBXFileReference; lastKnownFileType = sourcecode.c.c; path = error.c; sourceTree = "<group>"; };
		FC978D0B2D77F07B00AC81B4 /* gcm.c */ = {isa = PBXFileReference; lastKnownFileType = sourcecode.c.c; path = gcm.c; sourceTree = "<group>"; };
		FC978D0C2D77F07B00AC81B4 /* havege.c */ = {isa = PBXFileReference; lastKnownFileType = sourcecode.c.c; path = havege.c; sourceTree = "<group>"; };
		FC978D0D2D77F07B00AC81B4 /* hmac_drbg.c */ = {isa = PBXFileReference; lastKnownFileType = sourcecode.c.c; path = hmac_drbg.c; sourceTree = "<group>"; };
		FC978D0E2D77F07B00AC81B4 /* Makefile */ = {isa = PBXFileReference; lastKnownFileType = sourcecode.make; path = Makefile; sourceTree = "<group>"; };
		FC978D0F2D77F07B00AC81B4 /* md.c */ = {isa = PBXFileReference; lastKnownFileType = sourcecode.c.c; path = md.c; sourceTree = "<group>"; };
		FC978D102D77F07B00AC81B4 /* md_wrap.c */ = {isa = PBXFileReference; lastKnownFileType = sourcecode.c.c; path = md_wrap.c; sourceTree = "<group>"; };
		FC978D112D77F07B00AC81B4 /* md2.c */ = {isa = PBXFileReference; lastKnownFileType = sourcecode.c.c; path = md2.c; sourceTree = "<group>"; };
		FC978D122D77F07B00AC81B4 /* md4.c */ = {isa = PBXFileReference; lastKnownFileType = sourcecode.c.c; path = md4.c; sourceTree = "<group>"; };
		FC978D132D77F07B00AC81B4 /* md5.c */ = {isa = PBXFileReference; lastKnownFileType = sourcecode.c.c; path = md5.c; sourceTree = "<group>"; };
		FC978D142D77F07B00AC81B4 /* memory_buffer_alloc.c */ = {isa = PBXFileReference; lastKnownFileType = sourcecode.c.c; path = memory_buffer_alloc.c; sourceTree = "<group>"; };
		FC978D152D77F07B00AC81B4 /* net_sockets.c */ = {isa = PBXFileReference; lastKnownFileType = sourcecode.c.c; path = net_sockets.c; sourceTree = "<group>"; };
		FC978D162D77F07B00AC81B4 /* oid.c */ = {isa = PBXFileReference; lastKnownFileType = sourcecode.c.c; path = oid.c; sourceTree = "<group>"; };
		FC978D172D77F07B00AC81B4 /* padlock.c */ = {isa = PBXFileReference; lastKnownFileType = sourcecode.c.c; path = padlock.c; sourceTree = "<group>"; };
		FC978D182D77F07B00AC81B4 /* pem.c */ = {isa = PBXFileReference; lastKnownFileType = sourcecode.c.c; path = pem.c; sourceTree = "<group>"; };
		FC978D192D77F07B00AC81B4 /* pk.c */ = {isa = PBXFileReference; lastKnownFileType = sourcecode.c.c; path = pk.c; sourceTree = "<group>"; };
		FC978D1A2D77F07B00AC81B4 /* pk_wrap.c */ = {isa = PBXFileReference; lastKnownFileType = sourcecode.c.c; path = pk_wrap.c; sourceTree = "<group>"; };
		FC978D1B2D77F07B00AC81B4 /* pkcs5.c */ = {isa = PBXFileReference; lastKnownFileType = sourcecode.c.c; path = pkcs5.c; sourceTree = "<group>"; };
		FC978D1C2D77F07B00AC81B4 /* pkcs11.c */ = {isa = PBXFileReference; lastKnownFileType = sourcecode.c.c; path = pkcs11.c; sourceTree = "<group>"; };
		FC978D1D2D77F07B00AC81B4 /* pkcs12.c */ = {isa = PBXFileReference; lastKnownFileType = sourcecode.c.c; path = pkcs12.c; sourceTree = "<group>"; };
		FC978D1E2D77F07B00AC81B4 /* pkparse.c */ = {isa = PBXFileReference; lastKnownFileType = sourcecode.c.c; path = pkparse.c; sourceTree = "<group>"; };
		FC978D1F2D77F07B00AC81B4 /* pkwrite.c */ = {isa = PBXFileReference; lastKnownFileType = sourcecode.c.c; path = pkwrite.c; sourceTree = "<group>"; };
		FC978D202D77F07B00AC81B4 /* platform.c */ = {isa = PBXFileReference; lastKnownFileType = sourcecode.c.c; path = platform.c; sourceTree = "<group>"; };
		FC978D212D77F07B00AC81B4 /* ripemd160.c */ = {isa = PBXFileReference; lastKnownFileType = sourcecode.c.c; path = ripemd160.c; sourceTree = "<group>"; };
		FC978D222D77F07B00AC81B4 /* rsa.c */ = {isa = PBXFileReference; lastKnownFileType = sourcecode.c.c; path = rsa.c; sourceTree = "<group>"; };
		FC978D232D77F07B00AC81B4 /* sha1.c */ = {isa = PBXFileReference; lastKnownFileType = sourcecode.c.c; path = sha1.c; sourceTree = "<group>"; };
		FC978D242D77F07B00AC81B4 /* sha256.c */ = {isa = PBXFileReference; lastKnownFileType = sourcecode.c.c; path = sha256.c; sourceTree = "<group>"; };
		FC978D252D77F07B00AC81B4 /* sha512.c */ = {isa = PBXFileReference; lastKnownFileType = sourcecode.c.c; path = sha512.c; sourceTree = "<group>"; };
		FC978D262D77F07B00AC81B4 /* ssl_cache.c */ = {isa = PBXFileReference; lastKnownFileType = sourcecode.c.c; path = ssl_cache.c; sourceTree = "<group>"; };
		FC978D272D77F07B00AC81B4 /* ssl_ciphersuites.c */ = {isa = PBXFileReference; lastKnownFileType = sourcecode.c.c; path = ssl_ciphersuites.c; sourceTree = "<group>"; };
		FC978D282D77F07B00AC81B4 /* ssl_cli.c */ = {isa = PBXFileReference; lastKnownFileType = sourcecode.c.c; path = ssl_cli.c; sourceTree = "<group>"; };
		FC978D292D77F07B00AC81B4 /* ssl_cookie.c */ = {isa = PBXFileReference; lastKnownFileType = sourcecode.c.c; path = ssl_cookie.c; sourceTree = "<group>"; };
		FC978D2A2D77F07B00AC81B4 /* ssl_srv.c */ = {isa = PBXFileReference; lastKnownFileType = sourcecode.c.c; path = ssl_srv.c; sourceTree = "<group>"; };
		FC978D2B2D77F07B00AC81B4 /* ssl_ticket.c */ = {isa = PBXFileReference; lastKnownFileType = sourcecode.c.c; path = ssl_ticket.c; sourceTree = "<group>"; };
		FC978D2C2D77F07B00AC81B4 /* ssl_tls.c */ = {isa = PBXFileReference; lastKnownFileType = sourcecode.c.c; path = ssl_tls.c; sourceTree = "<group>"; };
		FC978D2D2D77F07B00AC81B4 /* threading.c */ = {isa = PBXFileReference; lastKnownFileType = sourcecode.c.c; path = threading.c; sourceTree = "<group>"; };
		FC978D2E2D77F07B00AC81B4 /* timing.c */ = {isa = PBXFileReference; lastKnownFileType = sourcecode.c.c; path = timing.c; sourceTree = "<group>"; };
		FC978D2F2D77F07B00AC81B4 /* version.c */ = {isa = PBXFileReference; lastKnownFileType = sourcecode.c.c; path = version.c; sourceTree = "<group>"; };
		FC978D302D77F07B00AC81B4 /* version_features.c */ = {isa = PBXFileReference; lastKnownFileType = sourcecode.c.c; path = version_features.c; sourceTree = "<group>"; };
		FC978D312D77F07B00AC81B4 /* x509.c */ = {isa = PBXFileReference; lastKnownFileType = sourcecode.c.c; path = x509.c; sourceTree = "<group>"; };
		FC978D322D77F07B00AC81B4 /* x509_create.c */ = {isa = PBXFileReference; lastKnownFileType = sourcecode.c.c; path = x509_create.c; sourceTree = "<group>"; };
		FC978D332D77F07B00AC81B4 /* x509_crl.c */ = {isa = PBXFileReference; lastKnownFileType = sourcecode.c.c; path = x509_crl.c; sourceTree = "<group>"; };
		FC978D342D77F07B00AC81B4 /* x509_crt.c */ = {isa = PBXFileReference; lastKnownFileType = sourcecode.c.c; path = x509_crt.c; sourceTree = "<group>"; };
		FC978D352D77F07B00AC81B4 /* x509_csr.c */ = {isa = PBXFileReference; lastKnownFileType = sourcecode.c.c; path = x509_csr.c; sourceTree = "<group>"; };
		FC978D362D77F07B00AC81B4 /* x509write_crt.c */ = {isa = PBXFileReference; lastKnownFileType = sourcecode.c.c; path = x509write_crt.c; sourceTree = "<group>"; };
		FC978D372D77F07B00AC81B4 /* x509write_csr.c */ = {isa = PBXFileReference; lastKnownFileType = sourcecode.c.c; path = x509write_csr.c; sourceTree = "<group>"; };
		FC978D382D77F07B00AC81B4 /* xtea.c */ = {isa = PBXFileReference; lastKnownFileType = sourcecode.c.c; path = xtea.c; sourceTree = "<group>"; };
		FC978D3C2D77F07B00AC81B4 /* clogger.h */ = {isa = PBXFileReference; lastKnownFileType = sourcecode.c.h; path = clogger.h; sourceTree = "<group>"; };
		FC978D3D2D77F07B00AC81B4 /* clogger_const.h */ = {isa = PBXFileReference; lastKnownFileType = sourcecode.c.h; path = clogger_const.h; sourceTree = "<group>"; };
		FC978D3E2D77F07B00AC81B4 /* clogger_list.h */ = {isa = PBXFileReference; lastKnownFileType = sourcecode.c.h; path = clogger_list.h; sourceTree = "<group>"; };
		FC978D3F2D77F07B00AC81B4 /* clogger_lock.h */ = {isa = PBXFileReference; lastKnownFileType = sourcecode.c.h; path = clogger_lock.h; sourceTree = "<group>"; };
		FC978D402D77F07B00AC81B4 /* clogger_logan.h */ = {isa = PBXFileReference; lastKnownFileType = sourcecode.c.h; path = clogger_logan.h; sourceTree = "<group>"; };
		FC978D412D77F07B00AC81B4 /* clogger_message_queue.h */ = {isa = PBXFileReference; lastKnownFileType = sourcecode.c.h; path = clogger_message_queue.h; sourceTree = "<group>"; };
		FC978D422D77F07B00AC81B4 /* clogger_platform.h */ = {isa = PBXFileReference; lastKnownFileType = sourcecode.c.h; path = clogger_platform.h; sourceTree = "<group>"; };
		FC978D432D77F07B00AC81B4 /* clogger_print.h */ = {isa = PBXFileReference; lastKnownFileType = sourcecode.c.h; path = clogger_print.h; sourceTree = "<group>"; };
		FC978D442D77F07B00AC81B4 /* clogger_ref.h */ = {isa = PBXFileReference; lastKnownFileType = sourcecode.c.h; path = clogger_ref.h; sourceTree = "<group>"; };
		FC978D452D77F07B00AC81B4 /* clogger_savefile.h */ = {isa = PBXFileReference; lastKnownFileType = sourcecode.c.h; path = clogger_savefile.h; sourceTree = "<group>"; };
		FC978D462D77F07B00AC81B4 /* clogger_utils.h */ = {isa = PBXFileReference; lastKnownFileType = sourcecode.c.h; path = clogger_utils.h; sourceTree = "<group>"; };
		FC978D482D77F07B00AC81B4 /* clogger.c */ = {isa = PBXFileReference; lastKnownFileType = sourcecode.c.c; path = clogger.c; sourceTree = "<group>"; };
		FC978D492D77F07B00AC81B4 /* clogger_list.c */ = {isa = PBXFileReference; lastKnownFileType = sourcecode.c.c; path = clogger_list.c; sourceTree = "<group>"; };
		FC978D4A2D77F07B00AC81B4 /* clogger_lock.c */ = {isa = PBXFileReference; lastKnownFileType = sourcecode.c.c; path = clogger_lock.c; sourceTree = "<group>"; };
		FC978D4B2D77F07B00AC81B4 /* clogger_logan.c */ = {isa = PBXFileReference; lastKnownFileType = sourcecode.c.c; path = clogger_logan.c; sourceTree = "<group>"; };
		FC978D4C2D77F07B00AC81B4 /* clogger_message_queue.c */ = {isa = PBXFileReference; lastKnownFileType = sourcecode.c.c; path = clogger_message_queue.c; sourceTree = "<group>"; };
		FC978D4D2D77F07B00AC81B4 /* clogger_ref.c */ = {isa = PBXFileReference; lastKnownFileType = sourcecode.c.c; path = clogger_ref.c; sourceTree = "<group>"; };
		FC978D4E2D77F07B00AC81B4 /* clogger_savefile.c */ = {isa = PBXFileReference; lastKnownFileType = sourcecode.c.c; path = clogger_savefile.c; sourceTree = "<group>"; };
		FC978D4F2D77F07B00AC81B4 /* clogger_utils.c */ = {isa = PBXFileReference; lastKnownFileType = sourcecode.c.c; path = clogger_utils.c; sourceTree = "<group>"; };
		FC978DC32D7825DF00AC81B4 /* OCLoggerIOSWrapper.m */ = {isa = PBXFileReference; lastKnownFileType = sourcecode.c.objc; path = OCLoggerIOSWrapper.m; sourceTree = "<group>"; };
		FC978DC52D7836B300AC81B4 /* OCLogger.h */ = {isa = PBXFileReference; lastKnownFileType = sourcecode.c.h; path = OCLogger.h; sourceTree = "<group>"; };
		FC978DC62D7836B300AC81B4 /* OCLogger.m */ = {isa = PBXFileReference; lastKnownFileType = sourcecode.c.objc; path = OCLogger.m; sourceTree = "<group>"; };
		FC978DE02D783F4100AC81B4 /* LoganLogImpl.h */ = {isa = PBXFileReference; lastKnownFileType = sourcecode.c.h; path = LoganLogImpl.h; sourceTree = "<group>"; };
		FC978DE12D783F4100AC81B4 /* LoganLogImpl.m */ = {isa = PBXFileReference; lastKnownFileType = sourcecode.c.objc; path = LoganLogImpl.m; sourceTree = "<group>"; };
		FC978DE32D78426900AC81B4 /* PrintLogImpl.h */ = {isa = PBXFileReference; lastKnownFileType = sourcecode.c.h; path = PrintLogImpl.h; sourceTree = "<group>"; };
		FC978DE42D78426900AC81B4 /* PrintLogImpl.m */ = {isa = PBXFileReference; lastKnownFileType = sourcecode.c.objc; path = PrintLogImpl.m; sourceTree = "<group>"; };
		FC978DE62D78434D00AC81B4 /* SaveFileLogImpl.h */ = {isa = PBXFileReference; lastKnownFileType = sourcecode.c.h; path = SaveFileLogImpl.h; sourceTree = "<group>"; };
		FC978DE72D78434D00AC81B4 /* SaveFileLogImpl.m */ = {isa = PBXFileReference; lastKnownFileType = sourcecode.c.objc; path = SaveFileLogImpl.m; sourceTree = "<group>"; };
		FCAC857B2D76F5A90046267D /* CLoggerDemo.app */ = {isa = PBXFileReference; explicitFileType = wrapper.application; includeInIndex = 0; path = CLoggerDemo.app; sourceTree = BUILT_PRODUCTS_DIR; };
		FCC5BE192D76F894005CDB7B /* OCLoggerConfig.h */ = {isa = PBXFileReference; lastKnownFileType = sourcecode.c.h; path = OCLoggerConfig.h; sourceTree = "<group>"; };
		FCC5BE1A2D76F894005CDB7B /* OCLoggerConfig.m */ = {isa = PBXFileReference; lastKnownFileType = sourcecode.c.objc; path = OCLoggerConfig.m; sourceTree = "<group>"; };
		FCF1DD3A2D7AE8B800ECBE95 /* CLoggerIOSUtils.h */ = {isa = PBXFileReference; lastKnownFileType = sourcecode.c.h; path = CLoggerIOSUtils.h; sourceTree = "<group>"; };
		FCF1DD3B2D7AE8B800ECBE95 /* CLoggerIOSUtils.c */ = {isa = PBXFileReference; lastKnownFileType = sourcecode.c.c; path = CLoggerIOSUtils.c; sourceTree = "<group>"; };
/* End PBXFileReference section */

/* Begin PBXFileSystemSynchronizedBuildFileExceptionSet section */
		FCAC85922D76F5A90046267D /* Exceptions for "CLoggerDemo" folder in "CLoggerDemo" target */ = {
			isa = PBXFileSystemSynchronizedBuildFileExceptionSet;
			membershipExceptions = (
				Info.plist,
			);
			target = FCAC857A2D76F5A90046267D /* CLoggerDemo */;
		};
/* End PBXFileSystemSynchronizedBuildFileExceptionSet section */

/* Begin PBXFileSystemSynchronizedRootGroup section */
		FCAC857D2D76F5A90046267D /* CLoggerDemo */ = {
			isa = PBXFileSystemSynchronizedRootGroup;
			exceptions = (
				FCAC85922D76F5A90046267D /* Exceptions for "CLoggerDemo" folder in "CLoggerDemo" target */,
			);
			path = CLoggerDemo;
			sourceTree = "<group>";
		};
/* End PBXFileSystemSynchronizedRootGroup section */

/* Begin PBXFrameworksBuildPhase section */
		FCAC85782D76F5A90046267D /* Frameworks */ = {
			isa = PBXFrameworksBuildPhase;
			buildActionMask = 2147483647;
			files = (
				8589ED9345E7FD56EEC0B59C /* Pods_CLoggerDemo.framework in Frameworks */,
			);
			runOnlyForDeploymentPostprocessing = 0;
		};
/* End PBXFrameworksBuildPhase section */

/* Begin PBXGroup section */
		4931AC79725603E17E237D3C /* Pods */ = {
			isa = PBXGroup;
			children = (
				306F9B3E74BD9E0454926AA6 /* Pods-CLoggerDemo.debug.xcconfig */,
				29A78A50EA1E76CB4F3F3FD1 /* Pods-CLoggerDemo.release.xcconfig */,
			);
			path = Pods;
			sourceTree = "<group>";
		};
		B9274D04A91299A047E136A6 /* Frameworks */ = {
			isa = PBXGroup;
			children = (
				8E86B51DACEB720CF5AFE078 /* Pods_CLoggerDemo.framework */,
			);
			name = Frameworks;
			sourceTree = "<group>";
		};
		FC978CA82D77F07B00AC81B4 /* Clogan */ = {
			isa = PBXGroup;
			children = (
				FC978C912D77F07B00AC81B4 /* aes_util.h */,
				FC978C922D77F07B00AC81B4 /* aes_util.c */,
				FC978C932D77F07B00AC81B4 /* base_util.h */,
				FC978C942D77F07B00AC81B4 /* base_util.c */,
				FC978C952D77F07B00AC81B4 /* cJSON.h */,
				FC978C962D77F07B00AC81B4 /* cJSON.c */,
				FC978C972D77F07B00AC81B4 /* clogan_core.h */,
				FC978C982D77F07B00AC81B4 /* clogan_core.c */,
				FC978C992D77F07B00AC81B4 /* clogan_status.h */,
				FC978C9A2D77F07B00AC81B4 /* console_util.h */,
				FC978C9B2D77F07B00AC81B4 /* console_util.c */,
				FC978C9C2D77F07B00AC81B4 /* construct_data.h */,
				FC978C9D2D77F07B00AC81B4 /* construct_data.c */,
				FC978C9E2D77F07B00AC81B4 /* directory_util.h */,
				FC978C9F2D77F07B00AC81B4 /* directory_util.c */,
				FC978CA02D77F07B00AC81B4 /* json_util.h */,
				FC978CA12D77F07B00AC81B4 /* json_util.c */,
				FC978CA22D77F07B00AC81B4 /* logan_config.h */,
				FC978CA42D77F07B00AC81B4 /* mmap_util.h */,
				FC978CA52D77F07B00AC81B4 /* mmap_util.c */,
				FC978CA62D77F07B00AC81B4 /* zlib_util.h */,
				FC978CA72D77F07B00AC81B4 /* zlib_util.c */,
			);
			path = Clogan;
			sourceTree = "<group>";
		};
		FC978CEF2D77F07B00AC81B4 /* mbedtls */ = {
			isa = PBXGroup;
			children = (
				FC978CA92D77F07B00AC81B4 /* aes.h */,
				FC978CAA2D77F07B00AC81B4 /* aesni.h */,
				FC978CAB2D77F07B00AC81B4 /* arc4.h */,
				FC978CAC2D77F07B00AC81B4 /* asn1.h */,
				FC978CAD2D77F07B00AC81B4 /* asn1write.h */,
				FC978CAE2D77F07B00AC81B4 /* base64.h */,
				FC978CAF2D77F07B00AC81B4 /* bignum.h */,
				FC978CB02D77F07B00AC81B4 /* blowfish.h */,
				FC978CB12D77F07B00AC81B4 /* bn_mul.h */,
				FC978CB22D77F07B00AC81B4 /* camellia.h */,
				FC978CB32D77F07B00AC81B4 /* ccm.h */,
				FC978CB42D77F07B00AC81B4 /* certs.h */,
				FC978CB52D77F07B00AC81B4 /* check_config.h */,
				FC978CB62D77F07B00AC81B4 /* cipher.h */,
				FC978CB72D77F07B00AC81B4 /* cipher_internal.h */,
				FC978CB82D77F07B00AC81B4 /* cmac.h */,
				FC978CB92D77F07B00AC81B4 /* compat-1.3.h */,
				FC978CBA2D77F07B00AC81B4 /* config.h */,
				FC978CBB2D77F07B00AC81B4 /* ctr_drbg.h */,
				FC978CBC2D77F07B00AC81B4 /* debug.h */,
				FC978CBD2D77F07B00AC81B4 /* des.h */,
				FC978CBE2D77F07B00AC81B4 /* dhm.h */,
				FC978CBF2D77F07B00AC81B4 /* ecdh.h */,
				FC978CC02D77F07B00AC81B4 /* ecdsa.h */,
				FC978CC12D77F07B00AC81B4 /* ecjpake.h */,
				FC978CC22D77F07B00AC81B4 /* ecp.h */,
				FC978CC32D77F07B00AC81B4 /* ecp_internal.h */,
				FC978CC42D77F07B00AC81B4 /* entropy.h */,
				FC978CC52D77F07B00AC81B4 /* entropy_poll.h */,
				FC978CC62D77F07B00AC81B4 /* error.h */,
				FC978CC72D77F07B00AC81B4 /* gcm.h */,
				FC978CC82D77F07B00AC81B4 /* havege.h */,
				FC978CC92D77F07B00AC81B4 /* hmac_drbg.h */,
				FC978CCA2D77F07B00AC81B4 /* md.h */,
				FC978CCB2D77F07B00AC81B4 /* md_internal.h */,
				FC978CCC2D77F07B00AC81B4 /* md2.h */,
				FC978CCD2D77F07B00AC81B4 /* md4.h */,
				FC978CCE2D77F07B00AC81B4 /* md5.h */,
				FC978CCF2D77F07B00AC81B4 /* memory_buffer_alloc.h */,
				FC978CD02D77F07B00AC81B4 /* net.h */,
				FC978CD12D77F07B00AC81B4 /* net_sockets.h */,
				FC978CD22D77F07B00AC81B4 /* oid.h */,
				FC978CD32D77F07B00AC81B4 /* padlock.h */,
				FC978CD42D77F07B00AC81B4 /* pem.h */,
				FC978CD52D77F07B00AC81B4 /* pk.h */,
				FC978CD62D77F07B00AC81B4 /* pk_internal.h */,
				FC978CD72D77F07B00AC81B4 /* pkcs5.h */,
				FC978CD82D77F07B00AC81B4 /* pkcs11.h */,
				FC978CD92D77F07B00AC81B4 /* pkcs12.h */,
				FC978CDA2D77F07B00AC81B4 /* platform.h */,
				FC978CDB2D77F07B00AC81B4 /* platform_time.h */,
				FC978CDC2D77F07B00AC81B4 /* ripemd160.h */,
				FC978CDD2D77F07B00AC81B4 /* rsa.h */,
				FC978CDE2D77F07B00AC81B4 /* sha1.h */,
				FC978CDF2D77F07B00AC81B4 /* sha256.h */,
				FC978CE02D77F07B00AC81B4 /* sha512.h */,
				FC978CE12D77F07B00AC81B4 /* ssl.h */,
				FC978CE22D77F07B00AC81B4 /* ssl_cache.h */,
				FC978CE32D77F07B00AC81B4 /* ssl_ciphersuites.h */,
				FC978CE42D77F07B00AC81B4 /* ssl_cookie.h */,
				FC978CE52D77F07B00AC81B4 /* ssl_internal.h */,
				FC978CE62D77F07B00AC81B4 /* ssl_ticket.h */,
				FC978CE72D77F07B00AC81B4 /* threading.h */,
				FC978CE82D77F07B00AC81B4 /* timing.h */,
				FC978CE92D77F07B00AC81B4 /* version.h */,
				FC978CEA2D77F07B00AC81B4 /* x509.h */,
				FC978CEB2D77F07B00AC81B4 /* x509_crl.h */,
				FC978CEC2D77F07B00AC81B4 /* x509_crt.h */,
				FC978CED2D77F07B00AC81B4 /* x509_csr.h */,
				FC978CEE2D77F07B00AC81B4 /* xtea.h */,
			);
			path = mbedtls;
			sourceTree = "<group>";
		};
		FC978CF02D77F07B00AC81B4 /* include */ = {
			isa = PBXGroup;
			children = (
				FC978CEF2D77F07B00AC81B4 /* mbedtls */,
			);
			path = include;
			sourceTree = "<group>";
		};
		FC978D392D77F07B00AC81B4 /* library */ = {
			isa = PBXGroup;
			children = (
				FC978CF12D77F07B00AC81B4 /* aes.c */,
				FC978CF22D77F07B00AC81B4 /* aesni.c */,
				FC978CF32D77F07B00AC81B4 /* arc4.c */,
				FC978CF42D77F07B00AC81B4 /* asn1parse.c */,
				FC978CF52D77F07B00AC81B4 /* asn1write.c */,
				FC978CF62D77F07B00AC81B4 /* base64.c */,
				FC978CF72D77F07B00AC81B4 /* bignum.c */,
				FC978CF82D77F07B00AC81B4 /* blowfish.c */,
				FC978CF92D77F07B00AC81B4 /* camellia.c */,
				FC978CFA2D77F07B00AC81B4 /* ccm.c */,
				FC978CFB2D77F07B00AC81B4 /* certs.c */,
				FC978CFC2D77F07B00AC81B4 /* cipher.c */,
				FC978CFD2D77F07B00AC81B4 /* cipher_wrap.c */,
				FC978CFE2D77F07B00AC81B4 /* cmac.c */,
				FC978CFF2D77F07B00AC81B4 /* ctr_drbg.c */,
				FC978D002D77F07B00AC81B4 /* debug.c */,
				FC978D012D77F07B00AC81B4 /* des.c */,
				FC978D022D77F07B00AC81B4 /* dhm.c */,
				FC978D032D77F07B00AC81B4 /* ecdh.c */,
				FC978D042D77F07B00AC81B4 /* ecdsa.c */,
				FC978D052D77F07B00AC81B4 /* ecjpake.c */,
				FC978D062D77F07B00AC81B4 /* ecp.c */,
				FC978D072D77F07B00AC81B4 /* ecp_curves.c */,
				FC978D082D77F07B00AC81B4 /* entropy.c */,
				FC978D092D77F07B00AC81B4 /* entropy_poll.c */,
				FC978D0A2D77F07B00AC81B4 /* error.c */,
				FC978D0B2D77F07B00AC81B4 /* gcm.c */,
				FC978D0C2D77F07B00AC81B4 /* havege.c */,
				FC978D0D2D77F07B00AC81B4 /* hmac_drbg.c */,
				FC978D0E2D77F07B00AC81B4 /* Makefile */,
				FC978D0F2D77F07B00AC81B4 /* md.c */,
				FC978D102D77F07B00AC81B4 /* md_wrap.c */,
				FC978D112D77F07B00AC81B4 /* md2.c */,
				FC978D122D77F07B00AC81B4 /* md4.c */,
				FC978D132D77F07B00AC81B4 /* md5.c */,
				FC978D142D77F07B00AC81B4 /* memory_buffer_alloc.c */,
				FC978D152D77F07B00AC81B4 /* net_sockets.c */,
				FC978D162D77F07B00AC81B4 /* oid.c */,
				FC978D172D77F07B00AC81B4 /* padlock.c */,
				FC978D182D77F07B00AC81B4 /* pem.c */,
				FC978D192D77F07B00AC81B4 /* pk.c */,
				FC978D1A2D77F07B00AC81B4 /* pk_wrap.c */,
				FC978D1B2D77F07B00AC81B4 /* pkcs5.c */,
				FC978D1C2D77F07B00AC81B4 /* pkcs11.c */,
				FC978D1D2D77F07B00AC81B4 /* pkcs12.c */,
				FC978D1E2D77F07B00AC81B4 /* pkparse.c */,
				FC978D1F2D77F07B00AC81B4 /* pkwrite.c */,
				FC978D202D77F07B00AC81B4 /* platform.c */,
				FC978D212D77F07B00AC81B4 /* ripemd160.c */,
				FC978D222D77F07B00AC81B4 /* rsa.c */,
				FC978D232D77F07B00AC81B4 /* sha1.c */,
				FC978D242D77F07B00AC81B4 /* sha256.c */,
				FC978D252D77F07B00AC81B4 /* sha512.c */,
				FC978D262D77F07B00AC81B4 /* ssl_cache.c */,
				FC978D272D77F07B00AC81B4 /* ssl_ciphersuites.c */,
				FC978D282D77F07B00AC81B4 /* ssl_cli.c */,
				FC978D292D77F07B00AC81B4 /* ssl_cookie.c */,
				FC978D2A2D77F07B00AC81B4 /* ssl_srv.c */,
				FC978D2B2D77F07B00AC81B4 /* ssl_ticket.c */,
				FC978D2C2D77F07B00AC81B4 /* ssl_tls.c */,
				FC978D2D2D77F07B00AC81B4 /* threading.c */,
				FC978D2E2D77F07B00AC81B4 /* timing.c */,
				FC978D2F2D77F07B00AC81B4 /* version.c */,
				FC978D302D77F07B00AC81B4 /* version_features.c */,
				FC978D312D77F07B00AC81B4 /* x509.c */,
				FC978D322D77F07B00AC81B4 /* x509_create.c */,
				FC978D332D77F07B00AC81B4 /* x509_crl.c */,
				FC978D342D77F07B00AC81B4 /* x509_crt.c */,
				FC978D352D77F07B00AC81B4 /* x509_csr.c */,
				FC978D362D77F07B00AC81B4 /* x509write_crt.c */,
				FC978D372D77F07B00AC81B4 /* x509write_csr.c */,
				FC978D382D77F07B00AC81B4 /* xtea.c */,
			);
			path = library;
			sourceTree = "<group>";
		};
		FC978D3A2D77F07B00AC81B4 /* mbedtls */ = {
			isa = PBXGroup;
			children = (
				FC978CF02D77F07B00AC81B4 /* include */,
				FC978D392D77F07B00AC81B4 /* library */,
			);
			path = mbedtls;
			sourceTree = "<group>";
		};
		FC978D3B2D77F07B00AC81B4 /* 3rd */ = {
			isa = PBXGroup;
			children = (
				FC978CA82D77F07B00AC81B4 /* Clogan */,
				FC978D3A2D77F07B00AC81B4 /* mbedtls */,
			);
			name = 3rd;
			path = ../lib/3rd;
			sourceTree = SOURCE_ROOT;
		};
		FC978D472D77F07B00AC81B4 /* include */ = {
			isa = PBXGroup;
			children = (
				FC978D3C2D77F07B00AC81B4 /* clogger.h */,
				FC978D3D2D77F07B00AC81B4 /* clogger_const.h */,
				FC978D3E2D77F07B00AC81B4 /* clogger_list.h */,
				FC978D3F2D77F07B00AC81B4 /* clogger_lock.h */,
				FC978D402D77F07B00AC81B4 /* clogger_logan.h */,
				FC978D412D77F07B00AC81B4 /* clogger_message_queue.h */,
				FC978D422D77F07B00AC81B4 /* clogger_platform.h */,
				FC978D432D77F07B00AC81B4 /* clogger_print.h */,
				FC978D442D77F07B00AC81B4 /* clogger_ref.h */,
				FC978D452D77F07B00AC81B4 /* clogger_savefile.h */,
				FC978D462D77F07B00AC81B4 /* clogger_utils.h */,
			);
			name = include;
			path = ../lib/include;
			sourceTree = SOURCE_ROOT;
		};
		FC978D502D77F07B00AC81B4 /* src */ = {
			isa = PBXGroup;
			children = (
				FC978D482D77F07B00AC81B4 /* clogger.c */,
				FC978D492D77F07B00AC81B4 /* clogger_list.c */,
				FC978D4A2D77F07B00AC81B4 /* clogger_lock.c */,
				FC978D4B2D77F07B00AC81B4 /* clogger_logan.c */,
				FC978D4C2D77F07B00AC81B4 /* clogger_message_queue.c */,
				FC978D4D2D77F07B00AC81B4 /* clogger_ref.c */,
				FC978D4E2D77F07B00AC81B4 /* clogger_savefile.c */,
				FC978D4F2D77F07B00AC81B4 /* clogger_utils.c */,
			);
			name = src;
			path = ../lib/src;
			sourceTree = SOURCE_ROOT;
		};
		FC978DDD2D783F1400AC81B4 /* impl */ = {
			isa = PBXGroup;
			children = (
				FC978DE02D783F4100AC81B4 /* LoganLogImpl.h */,
				FC978DE12D783F4100AC81B4 /* LoganLogImpl.m */,
				FC978DE32D78426900AC81B4 /* PrintLogImpl.h */,
				FC978DE42D78426900AC81B4 /* PrintLogImpl.m */,
				FC978DE62D78434D00AC81B4 /* SaveFileLogImpl.h */,
				FC978DE72D78434D00AC81B4 /* SaveFileLogImpl.m */,
			);
			path = impl;
			sourceTree = "<group>";
		};
		FCAC85722D76F5A90046267D = {
			isa = PBXGroup;
			children = (
				FCC5BD552D76F742005CDB7B /* Lib */,
				FCAC857D2D76F5A90046267D /* CLoggerDemo */,
				FCAC857C2D76F5A90046267D /* Products */,
				4931AC79725603E17E237D3C /* Pods */,
				B9274D04A91299A047E136A6 /* Frameworks */,
			);
			sourceTree = "<group>";
		};
		FCAC857C2D76F5A90046267D /* Products */ = {
			isa = PBXGroup;
			children = (
				FCAC857B2D76F5A90046267D /* CLoggerDemo.app */,
			);
			name = Products;
			sourceTree = "<group>";
		};
		FCC5BD552D76F742005CDB7B /* Lib */ = {
			isa = PBXGroup;
			children = (
				FC978DC32D7825DF00AC81B4 /* OCLoggerIOSWrapper.m */,
				FCC5BE192D76F894005CDB7B /* OCLoggerConfig.h */,
				FCC5BE1A2D76F894005CDB7B /* OCLoggerConfig.m */,
				FC978DC52D7836B300AC81B4 /* OCLogger.h */,
				FC978DC62D7836B300AC81B4 /* OCLogger.m */,
				FCF1DD3A2D7AE8B800ECBE95 /* CLoggerIOSUtils.h */,
				FCF1DD3B2D7AE8B800ECBE95 /* CLoggerIOSUtils.c */,
				FC978DDD2D783F1400AC81B4 /* impl */,
				FC978D3B2D77F07B00AC81B4 /* 3rd */,
				FC978D472D77F07B00AC81B4 /* include */,
				FC978D502D77F07B00AC81B4 /* src */,
			);
			path = Lib;
			sourceTree = "<group>";
		};
/* End PBXGroup section */

/* Begin PBXNativeTarget section */
		FCAC857A2D76F5A90046267D /* CLoggerDemo */ = {
			isa = PBXNativeTarget;
			buildConfigurationList = FCAC85932D76F5A90046267D /* Build configuration list for PBXNativeTarget "CLoggerDemo" */;
			buildPhases = (
				F1A901BF8E76627C4F057AB6 /* [CP] Check Pods Manifest.lock */,
				FCAC85772D76F5A90046267D /* Sources */,
				FCAC85782D76F5A90046267D /* Frameworks */,
				FCAC85792D76F5A90046267D /* Resources */,
			);
			buildRules = (
			);
			dependencies = (
			);
			fileSystemSynchronizedGroups = (
				FCAC857D2D76F5A90046267D /* CLoggerDemo */,
			);
			name = CLoggerDemo;
			productName = CLoggerDemo;
			productReference = FCAC857B2D76F5A90046267D /* CLoggerDemo.app */;
			productType = "com.apple.product-type.application";
		};
/* End PBXNativeTarget section */

/* Begin PBXProject section */
		FCAC85732D76F5A90046267D /* Project object */ = {
			isa = PBXProject;
			attributes = {
				BuildIndependentTargetsInParallel = 1;
				LastUpgradeCheck = 1620;
				TargetAttributes = {
					FCAC857A2D76F5A90046267D = {
						CreatedOnToolsVersion = 16.2;
					};
				};
			};
			buildConfigurationList = FCAC85762D76F5A90046267D /* Build configuration list for PBXProject "CLoggerDemo" */;
			developmentRegion = en;
			hasScannedForEncodings = 0;
			knownRegions = (
				en,
				Base,
			);
			mainGroup = FCAC85722D76F5A90046267D;
			minimizedProjectReferenceProxies = 1;
			preferredProjectObjectVersion = 77;
			productRefGroup = FCAC857C2D76F5A90046267D /* Products */;
			projectDirPath = "";
			projectRoot = "";
			targets = (
				FCAC857A2D76F5A90046267D /* CLoggerDemo */,
			);
		};
/* End PBXProject section */

/* Begin PBXResourcesBuildPhase section */
		FCAC85792D76F5A90046267D /* Resources */ = {
			isa = PBXResourcesBuildPhase;
			buildActionMask = 2147483647;
			files = (
			);
			runOnlyForDeploymentPostprocessing = 0;
		};
/* End PBXResourcesBuildPhase section */

/* Begin PBXShellScriptBuildPhase section */
		F1A901BF8E76627C4F057AB6 /* [CP] Check Pods Manifest.lock */ = {
			isa = PBXShellScriptBuildPhase;
			buildActionMask = 2147483647;
			files = (
			);
			inputFileListPaths = (
			);
			inputPaths = (
				"${PODS_PODFILE_DIR_PATH}/Podfile.lock",
				"${PODS_ROOT}/Manifest.lock",
			);
			name = "[CP] Check Pods Manifest.lock";
			outputFileListPaths = (
			);
			outputPaths = (
				"$(DERIVED_FILE_DIR)/Pods-CLoggerDemo-checkManifestLockResult.txt",
			);
			runOnlyForDeploymentPostprocessing = 0;
			shellPath = /bin/sh;
			shellScript = "diff \"${PODS_PODFILE_DIR_PATH}/Podfile.lock\" \"${PODS_ROOT}/Manifest.lock\" > /dev/null\nif [ $? != 0 ] ; then\n    # print error to STDERR\n    echo \"error: The sandbox is not in sync with the Podfile.lock. Run 'pod install' or update your CocoaPods installation.\" >&2\n    exit 1\nfi\n# This output is used by Xcode 'outputs' to avoid re-running this script phase.\necho \"SUCCESS\" > \"${SCRIPT_OUTPUT_FILE_0}\"\n";
			showEnvVarsInLog = 0;
		};
/* End PBXShellScriptBuildPhase section */

/* Begin PBXSourcesBuildPhase section */
		FCAC85772D76F5A90046267D /* Sources */ = {
			isa = PBXSourcesBuildPhase;
			buildActionMask = 2147483647;
			files = (
				FCC5BE1B2D76F894005CDB7B /* OCLoggerConfig.m in Sources */,
				FC978D512D77F07B00AC81B4 /* cJSON.c in Sources */,
				FC978D522D77F07B00AC81B4 /* pk_wrap.c in Sources */,
				FC978D532D77F07B00AC81B4 /* ssl_srv.c in Sources */,
				FC978D542D77F07B00AC81B4 /* md5.c in Sources */,
				FC978D552D77F07B00AC81B4 /* threading.c in Sources */,
				FC978D562D77F07B00AC81B4 /* x509_csr.c in Sources */,
				FC978D572D77F07B00AC81B4 /* havege.c in Sources */,
				FC978D582D77F07B00AC81B4 /* md.c in Sources */,
				FC978D592D77F07B00AC81B4 /* asn1parse.c in Sources */,
				FC978D5A2D77F07B00AC81B4 /* pkcs11.c in Sources */,
				FC978D5B2D77F07B00AC81B4 /* xtea.c in Sources */,
				FC978D5C2D77F07B00AC81B4 /* pem.c in Sources */,
				FC978D5D2D77F07B00AC81B4 /* md_wrap.c in Sources */,
				FC978D5E2D77F07B00AC81B4 /* construct_data.c in Sources */,
				FC978D5F2D77F07B00AC81B4 /* pk.c in Sources */,
				FC978D602D77F07B00AC81B4 /* dhm.c in Sources */,
				FC978D612D77F07B00AC81B4 /* ctr_drbg.c in Sources */,
				FC978D622D77F07B00AC81B4 /* ecp_curves.c in Sources */,
				FC978D632D77F07B00AC81B4 /* pkparse.c in Sources */,
				FC978D642D77F07B00AC81B4 /* pkwrite.c in Sources */,
				FC978D652D77F07B00AC81B4 /* certs.c in Sources */,
				FC978D662D77F07B00AC81B4 /* console_util.c in Sources */,
				FC978D672D77F07B00AC81B4 /* padlock.c in Sources */,
				FC978D682D77F07B00AC81B4 /* bignum.c in Sources */,
				FC978D692D77F07B00AC81B4 /* base64.c in Sources */,
				FC978D6A2D77F07B00AC81B4 /* ssl_ciphersuites.c in Sources */,
				FC978D6B2D77F07B00AC81B4 /* clogger_message_queue.c in Sources */,
				FC978D6C2D77F07B00AC81B4 /* version_features.c in Sources */,
				FC978D6D2D77F07B00AC81B4 /* blowfish.c in Sources */,
				FC978D6E2D77F07B00AC81B4 /* cipher.c in Sources */,
				FC978D6F2D77F07B00AC81B4 /* clogger_lock.c in Sources */,
				FC978D702D77F07B00AC81B4 /* Makefile in Sources */,
				FC978D712D77F07B00AC81B4 /* debug.c in Sources */,
				FC978D722D77F07B00AC81B4 /* ssl_cookie.c in Sources */,
				FC978DE82D78434D00AC81B4 /* SaveFileLogImpl.m in Sources */,
				FC978D732D77F07B00AC81B4 /* pkcs5.c in Sources */,
				FC978D742D77F07B00AC81B4 /* ripemd160.c in Sources */,
				FC978D752D77F07B00AC81B4 /* clogger_list.c in Sources */,
				FC978DE22D783F4100AC81B4 /* LoganLogImpl.m in Sources */,
				FC978D762D77F07B00AC81B4 /* x509write_crt.c in Sources */,
				FC978D772D77F07B00AC81B4 /* camellia.c in Sources */,
				FC978D782D77F07B00AC81B4 /* clogan_core.c in Sources */,
				FC978D792D77F07B00AC81B4 /* entropy_poll.c in Sources */,
				FC978D7A2D77F07B00AC81B4 /* arc4.c in Sources */,
				FC978D7B2D77F07B00AC81B4 /* md4.c in Sources */,
				FC978D7C2D77F07B00AC81B4 /* x509_crt.c in Sources */,
				FC978D7D2D77F07B00AC81B4 /* des.c in Sources */,
				FC978D7E2D77F07B00AC81B4 /* mmap_util.c in Sources */,
				FC978D7F2D77F07B00AC81B4 /* ssl_tls.c in Sources */,
				FC978DC72D7836B300AC81B4 /* OCLogger.m in Sources */,
				FC978D802D77F07B00AC81B4 /* cipher_wrap.c in Sources */,
				FC978D812D77F07B00AC81B4 /* directory_util.c in Sources */,
				FC978D822D77F07B00AC81B4 /* json_util.c in Sources */,
				FC978D832D77F07B00AC81B4 /* x509_crl.c in Sources */,
				FC978D842D77F07B00AC81B4 /* rsa.c in Sources */,
				FC978D852D77F07B00AC81B4 /* aes.c in Sources */,
				FC978D862D77F07B00AC81B4 /* ecjpake.c in Sources */,
				FC978D872D77F07B00AC81B4 /* zlib_util.c in Sources */,
				FC978D882D77F07B00AC81B4 /* ccm.c in Sources */,
				FC978D892D77F07B00AC81B4 /* ecdsa.c in Sources */,
				FC978D8A2D77F07B00AC81B4 /* pkcs12.c in Sources */,
				FC978D8B2D77F07B00AC81B4 /* oid.c in Sources */,
				FC978D8C2D77F07B00AC81B4 /* x509write_csr.c in Sources */,
				FC978D8D2D77F07B00AC81B4 /* base_util.c in Sources */,
				FC978D8E2D77F07B00AC81B4 /* clogger_logan.c in Sources */,
				FC978DC42D7825DF00AC81B4 /* OCLoggerIOSWrapper.m in Sources */,
				FC978D8F2D77F07B00AC81B4 /* ecdh.c in Sources */,
				FC978D902D77F07B00AC81B4 /* sha1.c in Sources */,
				FC978D912D77F07B00AC81B4 /* ssl_cache.c in Sources */,
				FC978D922D77F07B00AC81B4 /* clogger_savefile.c in Sources */,
				FC978D932D77F07B00AC81B4 /* platform.c in Sources */,
				FC978D942D77F07B00AC81B4 /* sha512.c in Sources */,
				FC978D952D77F07B00AC81B4 /* ssl_cli.c in Sources */,
				FC978D962D77F07B00AC81B4 /* sha256.c in Sources */,
				FC978D972D77F07B00AC81B4 /* timing.c in Sources */,
				FC978D982D77F07B00AC81B4 /* ecp.c in Sources */,
				FC978D992D77F07B00AC81B4 /* net_sockets.c in Sources */,
				FC978D9A2D77F07B00AC81B4 /* entropy.c in Sources */,
				FC978D9B2D77F07B00AC81B4 /* asn1write.c in Sources */,
				FC978D9C2D77F07B00AC81B4 /* aes_util.c in Sources */,
				FC978D9D2D77F07B00AC81B4 /* clogger_ref.c in Sources */,
				FCF1DD3C2D7AE8B800ECBE95 /* CLoggerIOSUtils.c in Sources */,
				FC978D9E2D77F07B00AC81B4 /* gcm.c in Sources */,
				FC978D9F2D77F07B00AC81B4 /* x509.c in Sources */,
				FC978DA02D77F07B00AC81B4 /* aesni.c in Sources */,
				FC978DA12D77F07B00AC81B4 /* version.c in Sources */,
				FC978DE52D78426900AC81B4 /* PrintLogImpl.m in Sources */,
				FC978DA22D77F07B00AC81B4 /* cmac.c in Sources */,
				FC978DA42D77F07B00AC81B4 /* ssl_ticket.c in Sources */,
				FC978DA52D77F07B00AC81B4 /* error.c in Sources */,
				FC978DA62D77F07B00AC81B4 /* md2.c in Sources */,
				FC978DA72D77F07B00AC81B4 /* memory_buffer_alloc.c in Sources */,
				FC978DA82D77F07B00AC81B4 /* hmac_drbg.c in Sources */,
				FC978DA92D77F07B00AC81B4 /* clogger.c in Sources */,
				FC978DAA2D77F07B00AC81B4 /* clogger_utils.c in Sources */,
				FC978DAB2D77F07B00AC81B4 /* x509_create.c in Sources */,
			);
			runOnlyForDeploymentPostprocessing = 0;
		};
/* End PBXSourcesBuildPhase section */

/* Begin XCBuildConfiguration section */
		FCAC85942D76F5A90046267D /* Debug */ = {
			isa = XCBuildConfiguration;
			baseConfigurationReference = 306F9B3E74BD9E0454926AA6 /* Pods-CLoggerDemo.debug.xcconfig */;
			buildSettings = {
				ASSETCATALOG_COMPILER_APPICON_NAME = AppIcon;
				ASSETCATALOG_COMPILER_GLOBAL_ACCENT_COLOR_NAME = AccentColor;
				CODE_SIGN_STYLE = Automatic;
				CURRENT_PROJECT_VERSION = 1;
				DEVELOPMENT_TEAM = JG43D9FHBA;
				GENERATE_INFOPLIST_FILE = YES;
				INFOPLIST_FILE = CLoggerDemo/Info.plist;
				INFOPLIST_KEY_UIApplicationSupportsIndirectInputEvents = YES;
				INFOPLIST_KEY_UILaunchStoryboardName = LaunchScreen;
				INFOPLIST_KEY_UIMainStoryboardFile = Main;
				INFOPLIST_KEY_UISupportedInterfaceOrientations_iPad = "UIInterfaceOrientationPortrait UIInterfaceOrientationPortraitUpsideDown UIInterfaceOrientationLandscapeLeft UIInterfaceOrientationLandscapeRight";
				INFOPLIST_KEY_UISupportedInterfaceOrientations_iPhone = "UIInterfaceOrientationPortrait UIInterfaceOrientationLandscapeLeft UIInterfaceOrientationLandscapeRight";
				IPHONEOS_DEPLOYMENT_TARGET = 15.6;
				LD_RUNPATH_SEARCH_PATHS = (
					"$(inherited)",
					"@executable_path/Frameworks",
				);
				LD_WARN_DUPLICATE_LIBRARIES = NO;
				MARKETING_VERSION = 1.0;
				PRODUCT_BUNDLE_IDENTIFIER = com.ellaclub.CLoggerDemo;
				PRODUCT_NAME = "$(TARGET_NAME)";
				SWIFT_EMIT_LOC_STRINGS = YES;
				TARGETED_DEVICE_FAMILY = "1,2";
				USER_HEADER_SEARCH_PATHS = (
					/Users/sunxiao5/myworks/android/CLogger/lib/3rd/mbedtls/include,
					/Users/sunxiao5/myworks/android/CLogger/lib/3rd/Clogan,
					/Users/sunxiao5/myworks/android/CLogger/lib/include,
					/Users/sunxiao5/myworks/android/CLogger/ios/Lib,
				);
			};
			name = Debug;
		};
		FCAC85952D76F5A90046267D /* Release */ = {
			isa = XCBuildConfiguration;
			baseConfigurationReference = 29A78A50EA1E76CB4F3F3FD1 /* Pods-CLoggerDemo.release.xcconfig */;
			buildSettings = {
				ASSETCATALOG_COMPILER_APPICON_NAME = AppIcon;
				ASSETCATALOG_COMPILER_GLOBAL_ACCENT_COLOR_NAME = AccentColor;
				CODE_SIGN_STYLE = Automatic;
				CURRENT_PROJECT_VERSION = 1;
				DEVELOPMENT_TEAM = JG43D9FHBA;
				GENERATE_INFOPLIST_FILE = YES;
				INFOPLIST_FILE = CLoggerDemo/Info.plist;
				INFOPLIST_KEY_UIApplicationSupportsIndirectInputEvents = YES;
				INFOPLIST_KEY_UILaunchStoryboardName = LaunchScreen;
				INFOPLIST_KEY_UIMainStoryboardFile = Main;
				INFOPLIST_KEY_UISupportedInterfaceOrientations_iPad = "UIInterfaceOrientationPortrait UIInterfaceOrientationPortraitUpsideDown UIInterfaceOrientationLandscapeLeft UIInterfaceOrientationLandscapeRight";
				INFOPLIST_KEY_UISupportedInterfaceOrientations_iPhone = "UIInterfaceOrientationPortrait UIInterfaceOrientationLandscapeLeft UIInterfaceOrientationLandscapeRight";
				IPHONEOS_DEPLOYMENT_TARGET = 15.6;
				LD_RUNPATH_SEARCH_PATHS = (
					"$(inherited)",
					"@executable_path/Frameworks",
				);
				LD_WARN_DUPLICATE_LIBRARIES = NO;
				MARKETING_VERSION = 1.0;
				PRODUCT_BUNDLE_IDENTIFIER = com.ellaclub.CLoggerDemo;
				PRODUCT_NAME = "$(TARGET_NAME)";
				SWIFT_EMIT_LOC_STRINGS = YES;
				TARGETED_DEVICE_FAMILY = "1,2";
				USER_HEADER_SEARCH_PATHS = (
					/Users/sunxiao5/myworks/android/CLogger/lib/3rd/mbedtls/include,
					/Users/sunxiao5/myworks/android/CLogger/lib/3rd/Clogan,
					/Users/sunxiao5/myworks/android/CLogger/lib/include,
					/Users/sunxiao5/myworks/android/CLogger/ios/Lib,
				);
			};
			name = Release;
		};
		FCAC85962D76F5A90046267D /* Debug */ = {
			isa = XCBuildConfiguration;
			buildSettings = {
				ALWAYS_SEARCH_USER_PATHS = NO;
				ASSETCATALOG_COMPILER_GENERATE_SWIFT_ASSET_SYMBOL_EXTENSIONS = YES;
				CLANG_ANALYZER_NONNULL = YES;
				CLANG_ANALYZER_NUMBER_OBJECT_CONVERSION = YES_AGGRESSIVE;
				CLANG_CXX_LANGUAGE_STANDARD = "c++0x";
				CLANG_ENABLE_MODULES = YES;
				CLANG_ENABLE_OBJC_ARC = YES;
				CLANG_ENABLE_OBJC_WEAK = YES;
				CLANG_WARN_BLOCK_CAPTURE_AUTORELEASING = YES;
				CLANG_WARN_BOOL_CONVERSION = YES;
				CLANG_WARN_COMMA = YES;
				CLANG_WARN_CONSTANT_CONVERSION = YES;
				CLANG_WARN_DEPRECATED_OBJC_IMPLEMENTATIONS = YES;
				CLANG_WARN_DIRECT_OBJC_ISA_USAGE = YES_ERROR;
				CLANG_WARN_DOCUMENTATION_COMMENTS = YES;
				CLANG_WARN_EMPTY_BODY = YES;
				CLANG_WARN_ENUM_CONVERSION = YES;
				CLANG_WARN_INFINITE_RECURSION = YES;
				CLANG_WARN_INT_CONVERSION = YES;
				CLANG_WARN_NON_LITERAL_NULL_CONVERSION = YES;
				CLANG_WARN_OBJC_IMPLICIT_RETAIN_SELF = YES;
				CLANG_WARN_OBJC_LITERAL_CONVERSION = YES;
				CLANG_WARN_OBJC_ROOT_CLASS = YES_ERROR;
				CLANG_WARN_QUOTED_INCLUDE_IN_FRAMEWORK_HEADER = YES;
				CLANG_WARN_RANGE_LOOP_ANALYSIS = YES;
				CLANG_WARN_STRICT_PROTOTYPES = YES;
				CLANG_WARN_SUSPICIOUS_MOVE = YES;
				CLANG_WARN_UNGUARDED_AVAILABILITY = YES_AGGRESSIVE;
				CLANG_WARN_UNREACHABLE_CODE = YES;
				CLANG_WARN__DUPLICATE_METHOD_MATCH = YES;
				COPY_PHASE_STRIP = NO;
				DEBUG_INFORMATION_FORMAT = dwarf;
				ENABLE_STRICT_OBJC_MSGSEND = YES;
				ENABLE_TESTABILITY = YES;
				ENABLE_USER_SCRIPT_SANDBOXING = YES;
				GCC_C_LANGUAGE_STANDARD = c99;
				GCC_DYNAMIC_NO_PIC = NO;
				GCC_NO_COMMON_BLOCKS = YES;
				GCC_OPTIMIZATION_LEVEL = 0;
				GCC_PREPROCESSOR_DEFINITIONS = (
					"DEBUG=1",
					"$(inherited)",
				);
				GCC_WARN_64_TO_32_BIT_CONVERSION = YES;
				GCC_WARN_ABOUT_RETURN_TYPE = YES_ERROR;
				GCC_WARN_UNDECLARED_SELECTOR = YES;
				GCC_WARN_UNINITIALIZED_AUTOS = YES_AGGRESSIVE;
				GCC_WARN_UNUSED_FUNCTION = YES;
				GCC_WARN_UNUSED_VARIABLE = YES;
				IPHONEOS_DEPLOYMENT_TARGET = 15.6;
				LOCALIZATION_PREFERS_STRING_CATALOGS = YES;
				MTL_ENABLE_DEBUG_INFO = INCLUDE_SOURCE;
				MTL_FAST_MATH = YES;
				ONLY_ACTIVE_ARCH = YES;
				SDKROOT = iphoneos;
				USER_HEADER_SEARCH_PATHS = (
					/Users/sunxiao5/myworks/android/CLogger/lib/3rd/mbedtls/include,
					/Users/sunxiao5/myworks/android/CLogger/lib/3rd/Clogan,
					/Users/sunxiao5/myworks/android/CLogger/lib/include,
				);
			};
			name = Debug;
		};
		FCAC85972D76F5A90046267D /* Release */ = {
			isa = XCBuildConfiguration;
			buildSettings = {
				ALWAYS_SEARCH_USER_PATHS = NO;
				ASSETCATALOG_COMPILER_GENERATE_SWIFT_ASSET_SYMBOL_EXTENSIONS = YES;
				CLANG_ANALYZER_NONNULL = YES;
				CLANG_ANALYZER_NUMBER_OBJECT_CONVERSION = YES_AGGRESSIVE;
				CLANG_CXX_LANGUAGE_STANDARD = "c++0x";
				CLANG_ENABLE_MODULES = YES;
				CLANG_ENABLE_OBJC_ARC = YES;
				CLANG_ENABLE_OBJC_WEAK = YES;
				CLANG_WARN_BLOCK_CAPTURE_AUTORELEASING = YES;
				CLANG_WARN_BOOL_CONVERSION = YES;
				CLANG_WARN_COMMA = YES;
				CLANG_WARN_CONSTANT_CONVERSION = YES;
				CLANG_WARN_DEPRECATED_OBJC_IMPLEMENTATIONS = YES;
				CLANG_WARN_DIRECT_OBJC_ISA_USAGE = YES_ERROR;
				CLANG_WARN_DOCUMENTATION_COMMENTS = YES;
				CLANG_WARN_EMPTY_BODY = YES;
				CLANG_WARN_ENUM_CONVERSION = YES;
				CLANG_WARN_INFINITE_RECURSION = YES;
				CLANG_WARN_INT_CONVERSION = YES;
				CLANG_WARN_NON_LITERAL_NULL_CONVERSION = YES;
				CLANG_WARN_OBJC_IMPLICIT_RETAIN_SELF = YES;
				CLANG_WARN_OBJC_LITERAL_CONVERSION = YES;
				CLANG_WARN_OBJC_ROOT_CLASS = YES_ERROR;
				CLANG_WARN_QUOTED_INCLUDE_IN_FRAMEWORK_HEADER = YES;
				CLANG_WARN_RANGE_LOOP_ANALYSIS = YES;
				CLANG_WARN_STRICT_PROTOTYPES = YES;
				CLANG_WARN_SUSPICIOUS_MOVE = YES;
				CLANG_WARN_UNGUARDED_AVAILABILITY = YES_AGGRESSIVE;
				CLANG_WARN_UNREACHABLE_CODE = YES;
				CLANG_WARN__DUPLICATE_METHOD_MATCH = YES;
				COPY_PHASE_STRIP = NO;
				DEBUG_INFORMATION_FORMAT = "dwarf-with-dsym";
				ENABLE_NS_ASSERTIONS = NO;
				ENABLE_STRICT_OBJC_MSGSEND = YES;
				ENABLE_USER_SCRIPT_SANDBOXING = YES;
				GCC_C_LANGUAGE_STANDARD = c99;
				GCC_NO_COMMON_BLOCKS = YES;
				GCC_WARN_64_TO_32_BIT_CONVERSION = YES;
				GCC_WARN_ABOUT_RETURN_TYPE = YES_ERROR;
				GCC_WARN_UNDECLARED_SELECTOR = YES;
				GCC_WARN_UNINITIALIZED_AUTOS = YES_AGGRESSIVE;
				GCC_WARN_UNUSED_FUNCTION = YES;
				GCC_WARN_UNUSED_VARIABLE = YES;
				IPHONEOS_DEPLOYMENT_TARGET = 15.6;
				LOCALIZATION_PREFERS_STRING_CATALOGS = YES;
				MTL_ENABLE_DEBUG_INFO = NO;
				MTL_FAST_MATH = YES;
				SDKROOT = iphoneos;
				USER_HEADER_SEARCH_PATHS = (
					/Users/sunxiao5/myworks/android/CLogger/lib/3rd/mbedtls/include,
					/Users/sunxiao5/myworks/android/CLogger/lib/3rd/Clogan,
					/Users/sunxiao5/myworks/android/CLogger/lib/include,
				);
				VALIDATE_PRODUCT = YES;
			};
			name = Release;
		};
/* End XCBuildConfiguration section */

/* Begin XCConfigurationList section */
		FCAC85762D76F5A90046267D /* Build configuration list for PBXProject "CLoggerDemo" */ = {
			isa = XCConfigurationList;
			buildConfigurations = (
				FCAC85962D76F5A90046267D /* Debug */,
				FCAC85972D76F5A90046267D /* Release */,
			);
			defaultConfigurationIsVisible = 0;
			defaultConfigurationName = Release;
		};
		FCAC85932D76F5A90046267D /* Build configuration list for PBXNativeTarget "CLoggerDemo" */ = {
			isa = XCConfigurationList;
			buildConfigurations = (
				FCAC85942D76F5A90046267D /* Debug */,
				FCAC85952D76F5A90046267D /* Release */,
			);
			defaultConfigurationIsVisible = 0;
			defaultConfigurationName = Release;
		};
/* End XCConfigurationList section */
	};
	rootObject = FCAC85732D76F5A90046267D /* Project object */;
}
